// !$*UTF8*$!
{
	archiveVersion = 1;
	classes = {
	};
	objectVersion = 56;
	objects = {

/* Begin PBXBuildFile section */
		311E085B2A0D37D20048F5FB /* StudyNavigationController.storyboard in Resources */ = {isa = PBXBuildFile; fileRef = 311E085A2A0D37D20048F5FB /* StudyNavigationController.storyboard */; };
		313F7DB82A07DE7500182CDA /* GeneralPostingSearchViewController.swift in Sources */ = {isa = PBXBuildFile; fileRef = 313F7DB72A07DE7500182CDA /* GeneralPostingSearchViewController.swift */; };
		315067332A37015C0045E028 /* QuestionPostingViewController.storyboard in Resources */ = {isa = PBXBuildFile; fileRef = 315067322A37015C0045E028 /* QuestionPostingViewController.storyboard */; };
		315067362A3701C90045E028 /* QuestionPostingViewController.swift in Sources */ = {isa = PBXBuildFile; fileRef = 315067352A3701C90045E028 /* QuestionPostingViewController.swift */; };
		315067382A3701D50045E028 /* QuestionPostingDetailViewController.swift in Sources */ = {isa = PBXBuildFile; fileRef = 315067372A3701D50045E028 /* QuestionPostingDetailViewController.swift */; };
		3150673A2A3701DE0045E028 /* QuestionPostingAddViewController.swift in Sources */ = {isa = PBXBuildFile; fileRef = 315067392A3701DE0045E028 /* QuestionPostingAddViewController.swift */; };
		3150673C2A3701E70045E028 /* QuestionPostingSearchViewController.swift in Sources */ = {isa = PBXBuildFile; fileRef = 3150673B2A3701E70045E028 /* QuestionPostingSearchViewController.swift */; };
		315067402A3702F80045E028 /* QuestionPostingTableViewCell.swift in Sources */ = {isa = PBXBuildFile; fileRef = 3150673F2A3702F80045E028 /* QuestionPostingTableViewCell.swift */; };
		315067422A3703010045E028 /* QuestionPostingCommentTableViewCell.swift in Sources */ = {isa = PBXBuildFile; fileRef = 315067412A3703010045E028 /* QuestionPostingCommentTableViewCell.swift */; };
		315067442A37030C0045E028 /* QuestionPostingSearchTableViewCell.swift in Sources */ = {isa = PBXBuildFile; fileRef = 315067432A37030C0045E028 /* QuestionPostingSearchTableViewCell.swift */; };
		315067462A3703170045E028 /* QuestionPostingContentTableViewCell.swift in Sources */ = {isa = PBXBuildFile; fileRef = 315067452A3703170045E028 /* QuestionPostingContentTableViewCell.swift */; };
		315E599B2A30848E00E85A61 /* StudyPostingViewController.storyboard in Resources */ = {isa = PBXBuildFile; fileRef = 315E599A2A30848E00E85A61 /* StudyPostingViewController.storyboard */; };
		315E599E2A3084BC00E85A61 /* StudyPostingViewController.swift in Sources */ = {isa = PBXBuildFile; fileRef = 315E599D2A3084BC00E85A61 /* StudyPostingViewController.swift */; };
		3165CBEB2A03FE69005E34AC /* GeneralPostingViewController.storyboard in Resources */ = {isa = PBXBuildFile; fileRef = 3165CBEA2A03FE69005E34AC /* GeneralPostingViewController.storyboard */; };
		3165EDC42A02A3C100D91856 /* AppDelegate.swift in Sources */ = {isa = PBXBuildFile; fileRef = 3165EDC32A02A3C100D91856 /* AppDelegate.swift */; };
		3165EDC62A02A3C100D91856 /* SceneDelegate.swift in Sources */ = {isa = PBXBuildFile; fileRef = 3165EDC52A02A3C100D91856 /* SceneDelegate.swift */; };
		3165EDC82A02A3C100D91856 /* ViewController.swift in Sources */ = {isa = PBXBuildFile; fileRef = 3165EDC72A02A3C100D91856 /* ViewController.swift */; };
		3165EDCD2A02A3C100D91856 /* Assets.xcassets in Resources */ = {isa = PBXBuildFile; fileRef = 3165EDCC2A02A3C100D91856 /* Assets.xcassets */; };
		3165EDD02A02A3C100D91856 /* LaunchScreen.storyboard in Resources */ = {isa = PBXBuildFile; fileRef = 3165EDCE2A02A3C100D91856 /* LaunchScreen.storyboard */; };
		3165EDDB2A02A3C100D91856 /* CampusInTests.swift in Sources */ = {isa = PBXBuildFile; fileRef = 3165EDDA2A02A3C100D91856 /* CampusInTests.swift */; };
		3165EDE52A02A3C100D91856 /* CampusInUITests.swift in Sources */ = {isa = PBXBuildFile; fileRef = 3165EDE42A02A3C100D91856 /* CampusInUITests.swift */; };
		3165EDE72A02A3C100D91856 /* CampusInUITestsLaunchTests.swift in Sources */ = {isa = PBXBuildFile; fileRef = 3165EDE62A02A3C100D91856 /* CampusInUITestsLaunchTests.swift */; };
		3165EDF72A02A86700D91856 /* Main.storyboard in Resources */ = {isa = PBXBuildFile; fileRef = 3165EDF62A02A86700D91856 /* Main.storyboard */; };
		317667BC2A07EFEB002F829C /* GeneralSearchTableViewCell.swift in Sources */ = {isa = PBXBuildFile; fileRef = 317667BB2A07EFEB002F829C /* GeneralSearchTableViewCell.swift */; };
		3179137B2A23545A00BC86FE /* Response.swift in Sources */ = {isa = PBXBuildFile; fileRef = 3179137A2A23545A00BC86FE /* Response.swift */; };
		3179137D2A23906E00BC86FE /* TimerReadResponse.swift in Sources */ = {isa = PBXBuildFile; fileRef = 3179137C2A23906E00BC86FE /* TimerReadResponse.swift */; };
		3179137F2A23911D00BC86FE /* TimerAddResponse.swift in Sources */ = {isa = PBXBuildFile; fileRef = 3179137E2A23911D00BC86FE /* TimerAddResponse.swift */; };
		317913812A23917900BC86FE /* TimerDeleteResponse.swift in Sources */ = {isa = PBXBuildFile; fileRef = 317913802A23917900BC86FE /* TimerDeleteResponse.swift */; };
		317913832A23927E00BC86FE /* TimerUpdateResponse.swift in Sources */ = {isa = PBXBuildFile; fileRef = 317913822A23927E00BC86FE /* TimerUpdateResponse.swift */; };
		317913852A2393AB00BC86FE /* TimerManager.swift in Sources */ = {isa = PBXBuildFile; fileRef = 317913842A2393AB00BC86FE /* TimerManager.swift */; };
		317BEC622A2CE6430029DA29 /* StatisticsManager.swift in Sources */ = {isa = PBXBuildFile; fileRef = 317BEC612A2CE6430029DA29 /* StatisticsManager.swift */; };
		317BEC652A2CF4A00029DA29 /* CreateStatisticsResponse.swift in Sources */ = {isa = PBXBuildFile; fileRef = 317BEC642A2CF4A00029DA29 /* CreateStatisticsResponse.swift */; };
		317BEC672A2CF50F0029DA29 /* StatisticsResponse.swift in Sources */ = {isa = PBXBuildFile; fileRef = 317BEC662A2CF50F0029DA29 /* StatisticsResponse.swift */; };
		3183ABDB2A14D3DB009CA636 /* PostSearch.swift in Sources */ = {isa = PBXBuildFile; fileRef = 3183ABDA2A14D3DB009CA636 /* PostSearch.swift */; };
		3183ABE22A150A51009CA636 /* BoardManager.swift in Sources */ = {isa = PBXBuildFile; fileRef = 3183ABE12A150A51009CA636 /* BoardManager.swift */; };
		3185DF312A2A3FAA001E5265 /* StudyRecordViewController.swift in Sources */ = {isa = PBXBuildFile; fileRef = 3185DF302A2A3FA9001E5265 /* StudyRecordViewController.swift */; };
		3185DF332A2A3FB8001E5265 /* StudyRecordDetailViewController.swift in Sources */ = {isa = PBXBuildFile; fileRef = 3185DF322A2A3FB8001E5265 /* StudyRecordDetailViewController.swift */; };
		3185DF352A2A3FC5001E5265 /* StudyRecordAddViewController.swift in Sources */ = {isa = PBXBuildFile; fileRef = 3185DF342A2A3FC5001E5265 /* StudyRecordAddViewController.swift */; };
		3197C68B2A2CCC3000674199 /* StatisticsViewController.storyboard in Resources */ = {isa = PBXBuildFile; fileRef = 3197C68A2A2CCC3000674199 /* StatisticsViewController.storyboard */; };
		319815142A2B205400B8B010 /* StudyRecordDelegate.swift in Sources */ = {isa = PBXBuildFile; fileRef = 319815132A2B205400B8B010 /* StudyRecordDelegate.swift */; };
		31A64E262A1A53A100EF3694 /* TimerCollectionViewCell.swift in Sources */ = {isa = PBXBuildFile; fileRef = 31A64E252A1A53A100EF3694 /* TimerCollectionViewCell.swift */; };
		31A77AFA2A2B806000AEC557 /* StudyRecordTableViewCell.swift in Sources */ = {isa = PBXBuildFile; fileRef = 31A77AF92A2B806000AEC557 /* StudyRecordTableViewCell.swift */; };
		31AC40162A2F2362001D2D22 /* ReplyCommentTableViewCell.swift in Sources */ = {isa = PBXBuildFile; fileRef = 31AC40152A2F2362001D2D22 /* ReplyCommentTableViewCell.swift */; };
		31AC40182A2F49CB001D2D22 /* CommetCellDelegate.swift in Sources */ = {isa = PBXBuildFile; fileRef = 31AC40172A2F49CB001D2D22 /* CommetCellDelegate.swift */; };
		31AF26BD2A1F972700B1CEC7 /* CommentManager.swift in Sources */ = {isa = PBXBuildFile; fileRef = 31AF26BC2A1F972700B1CEC7 /* CommentManager.swift */; };
		31AF26BF2A1F9B4300B1CEC7 /* CommentAddResponse.swift in Sources */ = {isa = PBXBuildFile; fileRef = 31AF26BE2A1F9B4300B1CEC7 /* CommentAddResponse.swift */; };
		31AF26C12A1F9BE000B1CEC7 /* CommentDeleteResponse.swift in Sources */ = {isa = PBXBuildFile; fileRef = 31AF26C02A1F9BE000B1CEC7 /* CommentDeleteResponse.swift */; };
		31B2B1682A190735005A3D4E /* TimerTableViewCell.swift in Sources */ = {isa = PBXBuildFile; fileRef = 31B2B1672A190735005A3D4E /* TimerTableViewCell.swift */; };
		31B2B16B2A190C3F005A3D4E /* TimerTableViewCellDelegate.swift in Sources */ = {isa = PBXBuildFile; fileRef = 31B2B16A2A190C3F005A3D4E /* TimerTableViewCellDelegate.swift */; };
		31C7184A2A080EE800C7731A /* loading_check.json in Resources */ = {isa = PBXBuildFile; fileRef = 31C718492A080EE800C7731A /* loading_check.json */; };
		31CBDA892A2CC3E300E55924 /* StatisticsViewController.swift in Sources */ = {isa = PBXBuildFile; fileRef = 31CBDA882A2CC3E300E55924 /* StatisticsViewController.swift */; };
		31D57E4F2A13B7830049E57A /* BoardInitResponse.swift in Sources */ = {isa = PBXBuildFile; fileRef = 31D57E4E2A13B7830049E57A /* BoardInitResponse.swift */; };
		31D57E512A13CE160049E57A /* PostList.swift in Sources */ = {isa = PBXBuildFile; fileRef = 31D57E502A13CE160049E57A /* PostList.swift */; };
		31D96F602A1A9A140086FD7D /* PostDetail.swift in Sources */ = {isa = PBXBuildFile; fileRef = 31D96F5F2A1A9A140086FD7D /* PostDetail.swift */; };
		31D96F622A1A9BC00086FD7D /* CommetData.swift in Sources */ = {isa = PBXBuildFile; fileRef = 31D96F612A1A9BC00086FD7D /* CommetData.swift */; };
		31D96F642A1A9E610086FD7D /* BoardData.swift in Sources */ = {isa = PBXBuildFile; fileRef = 31D96F632A1A9E610086FD7D /* BoardData.swift */; };
		31EAED3A2A3209F800F04DEC /* StudyPostingDetailViewController.swift in Sources */ = {isa = PBXBuildFile; fileRef = 31EAED392A3209F800F04DEC /* StudyPostingDetailViewController.swift */; };
		31EAED3C2A320A3100F04DEC /* PostingReplyViewController.swift in Sources */ = {isa = PBXBuildFile; fileRef = 31EAED3B2A320A3100F04DEC /* PostingReplyViewController.swift */; };
		31EAED3E2A320ADF00F04DEC /* StudyPostingSearchViewController.swift in Sources */ = {isa = PBXBuildFile; fileRef = 31EAED3D2A320ADF00F04DEC /* StudyPostingSearchViewController.swift */; };
		31EAED402A320B0300F04DEC /* StudyPostingAddViewController.swift in Sources */ = {isa = PBXBuildFile; fileRef = 31EAED3F2A320B0300F04DEC /* StudyPostingAddViewController.swift */; };
		31EAED432A320BC600F04DEC /* StudyPostingCommentTableViewCell.swift in Sources */ = {isa = PBXBuildFile; fileRef = 31EAED422A320BC600F04DEC /* StudyPostingCommentTableViewCell.swift */; };
		31EAED452A320BD300F04DEC /* StudyPostingContentTableViewCell.swift in Sources */ = {isa = PBXBuildFile; fileRef = 31EAED442A320BD300F04DEC /* StudyPostingContentTableViewCell.swift */; };
		31EAED472A320BE200F04DEC /* StudyPostingSearchTableViewCell.swift in Sources */ = {isa = PBXBuildFile; fileRef = 31EAED462A320BE200F04DEC /* StudyPostingSearchTableViewCell.swift */; };
		31EAED492A320BF400F04DEC /* StudyPostingTableViewCell.swift in Sources */ = {isa = PBXBuildFile; fileRef = 31EAED482A320BF400F04DEC /* StudyPostingTableViewCell.swift */; };
		31EAED4B2A32158700F04DEC /* ClassExtension.swift in Sources */ = {isa = PBXBuildFile; fileRef = 31EAED4A2A32158700F04DEC /* ClassExtension.swift */; };
		31EAED4E2A32321300F04DEC /* StudyGroupPostingContentTVCellDelegate.swift in Sources */ = {isa = PBXBuildFile; fileRef = 31EAED4D2A32321300F04DEC /* StudyGroupPostingContentTVCellDelegate.swift */; };
		31FCD9172A054DE20068689B /* GeneralPostingViewController.swift in Sources */ = {isa = PBXBuildFile; fileRef = 31FCD9162A054DE20068689B /* GeneralPostingViewController.swift */; };
		31FCD91D2A054E050068689B /* GeneralPostingCommentTableViewCell.swift in Sources */ = {isa = PBXBuildFile; fileRef = 31FCD91A2A054E050068689B /* GeneralPostingCommentTableViewCell.swift */; };
		31FCD91E2A054E050068689B /* GeneralPostingContentTableViewCell.swift in Sources */ = {isa = PBXBuildFile; fileRef = 31FCD91B2A054E050068689B /* GeneralPostingContentTableViewCell.swift */; };
		31FCD91F2A054E050068689B /* GeneralPostingTableViewCell.swift in Sources */ = {isa = PBXBuildFile; fileRef = 31FCD91C2A054E050068689B /* GeneralPostingTableViewCell.swift */; };
		31FCD9272A054F380068689B /* GeneralPostingDetailViewController.swift in Sources */ = {isa = PBXBuildFile; fileRef = 31FCD9262A054F380068689B /* GeneralPostingDetailViewController.swift */; };
		31FCD9292A0551E00068689B /* GeneralPostingAddViewController.swift in Sources */ = {isa = PBXBuildFile; fileRef = 31FCD9282A0551E00068689B /* GeneralPostingAddViewController.swift */; };
		5B49257F2A9E2D0C0094A203 /* StudyGroupDetail.swift in Sources */ = {isa = PBXBuildFile; fileRef = 5B49257E2A9E2D0C0094A203 /* StudyGroupDetail.swift */; };
		5D14AB342A15158A00807A2B /* SideMenuViewController.swift in Sources */ = {isa = PBXBuildFile; fileRef = 5D14AB332A15158A00807A2B /* SideMenuViewController.swift */; };
		5D25704C2A10CE8B00E03713 /* ChatViewController.swift in Sources */ = {isa = PBXBuildFile; fileRef = 5D25704B2A10CE8B00E03713 /* ChatViewController.swift */; };
		5D25704E2A10D1F700E03713 /* MessageBoxTableViewCell.swift in Sources */ = {isa = PBXBuildFile; fileRef = 5D25704D2A10D1F700E03713 /* MessageBoxTableViewCell.swift */; };
		5D2570522A10EABE00E03713 /* ChatTableViewCell.swift in Sources */ = {isa = PBXBuildFile; fileRef = 5D2570512A10EABE00E03713 /* ChatTableViewCell.swift */; };
		5D3F614F2A2F5951000E3B7C /* BookStoreNavigationController.storyboard in Resources */ = {isa = PBXBuildFile; fileRef = 5D3F614E2A2F5951000E3B7C /* BookStoreNavigationController.storyboard */; };
		5D3F61512A2F5985000E3B7C /* BookStoreNavigationController.swift in Sources */ = {isa = PBXBuildFile; fileRef = 5D3F61502A2F5985000E3B7C /* BookStoreNavigationController.swift */; };
		5D3F61532A2F59C2000E3B7C /* BookStoreViewController.swift in Sources */ = {isa = PBXBuildFile; fileRef = 5D3F61522A2F59C2000E3B7C /* BookStoreViewController.swift */; };
		5D3F61552A2F63EE000E3B7C /* BookStoreTableViewCell.swift in Sources */ = {isa = PBXBuildFile; fileRef = 5D3F61542A2F63EE000E3B7C /* BookStoreTableViewCell.swift */; };
		5D3F61572A2F6893000E3B7C /* BookDetailViewController.swift in Sources */ = {isa = PBXBuildFile; fileRef = 5D3F61562A2F6893000E3B7C /* BookDetailViewController.swift */; };
		5D4ADF972A054A1B00195CA9 /* LoginViewController.swift in Sources */ = {isa = PBXBuildFile; fileRef = 5D4ADF952A054A1B00195CA9 /* LoginViewController.swift */; };
		5D4ADF982A054A1B00195CA9 /* SocialViewController.swift in Sources */ = {isa = PBXBuildFile; fileRef = 5D4ADF962A054A1B00195CA9 /* SocialViewController.swift */; };
		5D4ADF9C2A0555BA00195CA9 /* NickNameViewController.storyboard in Resources */ = {isa = PBXBuildFile; fileRef = 5D4ADF9B2A0555BA00195CA9 /* NickNameViewController.storyboard */; };
		5D4ADF9E2A0555D900195CA9 /* NickNameViewController.swift in Sources */ = {isa = PBXBuildFile; fileRef = 5D4ADF9D2A0555D900195CA9 /* NickNameViewController.swift */; };
		5D4ADFA02A0555E600195CA9 /* KeyChain.swift in Sources */ = {isa = PBXBuildFile; fileRef = 5D4ADF9F2A0555E600195CA9 /* KeyChain.swift */; };
		5D4B9D552A114F2C003F3E86 /* StudyManageViewController.swift in Sources */ = {isa = PBXBuildFile; fileRef = 5D4B9D542A114F2C003F3E86 /* StudyManageViewController.swift */; };
		5D507AEC2A0DDDA800EB5CA9 /* MessageBoxViewController.swift in Sources */ = {isa = PBXBuildFile; fileRef = 5D507AEB2A0DDDA800EB5CA9 /* MessageBoxViewController.swift */; };
		5D547FEE2A1F58E100376E09 /* UserData.swift in Sources */ = {isa = PBXBuildFile; fileRef = 5D547FED2A1F58E100376E09 /* UserData.swift */; };
		5D547FF02A1F593F00376E09 /* UserNickname.swift in Sources */ = {isa = PBXBuildFile; fileRef = 5D547FEF2A1F593F00376E09 /* UserNickname.swift */; };
		5D547FF32A1F5ACF00376E09 /* UserManager.swift in Sources */ = {isa = PBXBuildFile; fileRef = 5D547FF22A1F5ACF00376E09 /* UserManager.swift */; };
		5D547FF52A1F8FCE00376E09 /* ToDoViewController.swift in Sources */ = {isa = PBXBuildFile; fileRef = 5D547FF42A1F8FCE00376E09 /* ToDoViewController.swift */; };
		5D547FFD2A1F9D7000376E09 /* ToDoTableViewCell.swift in Sources */ = {isa = PBXBuildFile; fileRef = 5D547FFC2A1F9D7000376E09 /* ToDoTableViewCell.swift */; };
		5D6013672A14D5D400159F63 /* APIConstants.swift in Sources */ = {isa = PBXBuildFile; fileRef = 5D6013662A14D5D400159F63 /* APIConstants.swift */; };
		5D69A3E02A1A9C9600E9BBB4 /* MessageManager.swift in Sources */ = {isa = PBXBuildFile; fileRef = 5D69A3DF2A1A9C9600E9BBB4 /* MessageManager.swift */; };
		5D69A3E22A1A9CDB00E9BBB4 /* MessageRoomManager.swift in Sources */ = {isa = PBXBuildFile; fileRef = 5D69A3E12A1A9CDB00E9BBB4 /* MessageRoomManager.swift */; };
		5D69A3E42A1A9D1400E9BBB4 /* MessageRooms.swift in Sources */ = {isa = PBXBuildFile; fileRef = 5D69A3E32A1A9D1400E9BBB4 /* MessageRooms.swift */; };
		5D69A3E62A1A9D3C00E9BBB4 /* Chats.swift in Sources */ = {isa = PBXBuildFile; fileRef = 5D69A3E52A1A9D3C00E9BBB4 /* Chats.swift */; };
		5D7703592A20FC5B00AF0903 /* TodoList.swift in Sources */ = {isa = PBXBuildFile; fileRef = 5D7703582A20FC5B00AF0903 /* TodoList.swift */; };
		5D77035B2A20FCA300AF0903 /* TodoManager.swift in Sources */ = {isa = PBXBuildFile; fileRef = 5D77035A2A20FCA300AF0903 /* TodoManager.swift */; };
		5D77035D2A21188B00AF0903 /* TodoCreationResponse.swift in Sources */ = {isa = PBXBuildFile; fileRef = 5D77035C2A21188B00AF0903 /* TodoCreationResponse.swift */; };
		5D87A0922A2F8A0300A0B98E /* SellBookViewController.swift in Sources */ = {isa = PBXBuildFile; fileRef = 5D87A0912A2F8A0300A0B98E /* SellBookViewController.swift */; };
		5DC33E362A0D45C200C061BC /* MessageBoxViewController.storyboard in Resources */ = {isa = PBXBuildFile; fileRef = 5DC33E352A0D45C200C061BC /* MessageBoxViewController.storyboard */; };
		5DC885182A2CE59000631BC1 /* RankingViewController.storyboard in Resources */ = {isa = PBXBuildFile; fileRef = 5DC885172A2CE59000631BC1 /* RankingViewController.storyboard */; };
		5DC8851B2A2CE5E400631BC1 /* RankingViewController.swift in Sources */ = {isa = PBXBuildFile; fileRef = 5DC8851A2A2CE5E400631BC1 /* RankingViewController.swift */; };
		5DC8851E2A2CE61F00631BC1 /* RankingData.swift in Sources */ = {isa = PBXBuildFile; fileRef = 5DC8851D2A2CE61F00631BC1 /* RankingData.swift */; };
		5DC885202A2CF3E100631BC1 /* RankingTableViewCell.swift in Sources */ = {isa = PBXBuildFile; fileRef = 5DC8851F2A2CF3E100631BC1 /* RankingTableViewCell.swift */; };
		5DFF9BA62A2C8796004C2DE5 /* StudyGroupManagementViewController.swift in Sources */ = {isa = PBXBuildFile; fileRef = 5DFF9BA52A2C8796004C2DE5 /* StudyGroupManagementViewController.swift */; };
		5DFF9BA92A2C8A06004C2DE5 /* StudyGroupAddViewController.swift in Sources */ = {isa = PBXBuildFile; fileRef = 5DFF9BA82A2C8A06004C2DE5 /* StudyGroupAddViewController.swift */; };
		5DFF9BAC2A2C8CF9004C2DE5 /* StudyGroupData.swift in Sources */ = {isa = PBXBuildFile; fileRef = 5DFF9BAB2A2C8CF9004C2DE5 /* StudyGroupData.swift */; };
		5DFF9BAE2A2C8E8E004C2DE5 /* MyStudyGroupData.swift in Sources */ = {isa = PBXBuildFile; fileRef = 5DFF9BAD2A2C8E8E004C2DE5 /* MyStudyGroupData.swift */; };
		5DFF9BB02A2C90B5004C2DE5 /* StudyGroupManager.swift in Sources */ = {isa = PBXBuildFile; fileRef = 5DFF9BAF2A2C90B5004C2DE5 /* StudyGroupManager.swift */; };
		5DFF9BB22A2C98C0004C2DE5 /* StudyGroupTableViewCell.swift in Sources */ = {isa = PBXBuildFile; fileRef = 5DFF9BB12A2C98BF004C2DE5 /* StudyGroupTableViewCell.swift */; };
		5DFF9BB42A2CA465004C2DE5 /* StudyGroupDetailViewController.swift in Sources */ = {isa = PBXBuildFile; fileRef = 5DFF9BB32A2CA465004C2DE5 /* StudyGroupDetailViewController.swift */; };
		D84B6C380D6E83EA5CA1188E /* Pods_CampusIn.framework in Frameworks */ = {isa = PBXBuildFile; fileRef = B35DA945251EA1CA3A88F354 /* Pods_CampusIn.framework */; };
/* End PBXBuildFile section */

/* Begin PBXContainerItemProxy section */
		3165EDD72A02A3C100D91856 /* PBXContainerItemProxy */ = {
			isa = PBXContainerItemProxy;
			containerPortal = 3165EDB82A02A3C100D91856 /* Project object */;
			proxyType = 1;
			remoteGlobalIDString = 3165EDBF2A02A3C100D91856;
			remoteInfo = CampusIn;
		};
		3165EDE12A02A3C100D91856 /* PBXContainerItemProxy */ = {
			isa = PBXContainerItemProxy;
			containerPortal = 3165EDB82A02A3C100D91856 /* Project object */;
			proxyType = 1;
			remoteGlobalIDString = 3165EDBF2A02A3C100D91856;
			remoteInfo = CampusIn;
		};
/* End PBXContainerItemProxy section */

/* Begin PBXFileReference section */
		311E085A2A0D37D20048F5FB /* StudyNavigationController.storyboard */ = {isa = PBXFileReference; lastKnownFileType = file.storyboard; path = StudyNavigationController.storyboard; sourceTree = "<group>"; };
		313F7DB72A07DE7500182CDA /* GeneralPostingSearchViewController.swift */ = {isa = PBXFileReference; fileEncoding = 4; lastKnownFileType = sourcecode.swift; path = GeneralPostingSearchViewController.swift; sourceTree = "<group>"; };
		315067322A37015C0045E028 /* QuestionPostingViewController.storyboard */ = {isa = PBXFileReference; lastKnownFileType = file.storyboard; path = QuestionPostingViewController.storyboard; sourceTree = "<group>"; };
		315067352A3701C90045E028 /* QuestionPostingViewController.swift */ = {isa = PBXFileReference; lastKnownFileType = sourcecode.swift; path = QuestionPostingViewController.swift; sourceTree = "<group>"; };
		315067372A3701D50045E028 /* QuestionPostingDetailViewController.swift */ = {isa = PBXFileReference; lastKnownFileType = sourcecode.swift; path = QuestionPostingDetailViewController.swift; sourceTree = "<group>"; };
		315067392A3701DE0045E028 /* QuestionPostingAddViewController.swift */ = {isa = PBXFileReference; lastKnownFileType = sourcecode.swift; path = QuestionPostingAddViewController.swift; sourceTree = "<group>"; };
		3150673B2A3701E70045E028 /* QuestionPostingSearchViewController.swift */ = {isa = PBXFileReference; lastKnownFileType = sourcecode.swift; path = QuestionPostingSearchViewController.swift; sourceTree = "<group>"; };
		3150673F2A3702F80045E028 /* QuestionPostingTableViewCell.swift */ = {isa = PBXFileReference; lastKnownFileType = sourcecode.swift; path = QuestionPostingTableViewCell.swift; sourceTree = "<group>"; };
		315067412A3703010045E028 /* QuestionPostingCommentTableViewCell.swift */ = {isa = PBXFileReference; lastKnownFileType = sourcecode.swift; path = QuestionPostingCommentTableViewCell.swift; sourceTree = "<group>"; };
		315067432A37030C0045E028 /* QuestionPostingSearchTableViewCell.swift */ = {isa = PBXFileReference; lastKnownFileType = sourcecode.swift; path = QuestionPostingSearchTableViewCell.swift; sourceTree = "<group>"; };
		315067452A3703170045E028 /* QuestionPostingContentTableViewCell.swift */ = {isa = PBXFileReference; lastKnownFileType = sourcecode.swift; path = QuestionPostingContentTableViewCell.swift; sourceTree = "<group>"; };
		315E599A2A30848E00E85A61 /* StudyPostingViewController.storyboard */ = {isa = PBXFileReference; lastKnownFileType = file.storyboard; path = StudyPostingViewController.storyboard; sourceTree = "<group>"; };
		315E599D2A3084BC00E85A61 /* StudyPostingViewController.swift */ = {isa = PBXFileReference; lastKnownFileType = sourcecode.swift; path = StudyPostingViewController.swift; sourceTree = "<group>"; };
		3165CBEA2A03FE69005E34AC /* GeneralPostingViewController.storyboard */ = {isa = PBXFileReference; fileEncoding = 4; lastKnownFileType = file.storyboard; path = GeneralPostingViewController.storyboard; sourceTree = "<group>"; };
		3165EDC02A02A3C100D91856 /* CampusIn.app */ = {isa = PBXFileReference; explicitFileType = wrapper.application; includeInIndex = 0; path = CampusIn.app; sourceTree = BUILT_PRODUCTS_DIR; };
		3165EDC32A02A3C100D91856 /* AppDelegate.swift */ = {isa = PBXFileReference; lastKnownFileType = sourcecode.swift; path = AppDelegate.swift; sourceTree = "<group>"; };
		3165EDC52A02A3C100D91856 /* SceneDelegate.swift */ = {isa = PBXFileReference; lastKnownFileType = sourcecode.swift; path = SceneDelegate.swift; sourceTree = "<group>"; };
		3165EDC72A02A3C100D91856 /* ViewController.swift */ = {isa = PBXFileReference; lastKnownFileType = sourcecode.swift; path = ViewController.swift; sourceTree = "<group>"; };
		3165EDCC2A02A3C100D91856 /* Assets.xcassets */ = {isa = PBXFileReference; lastKnownFileType = folder.assetcatalog; path = Assets.xcassets; sourceTree = "<group>"; };
		3165EDCF2A02A3C100D91856 /* Base */ = {isa = PBXFileReference; lastKnownFileType = file.storyboard; name = Base; path = Base.lproj/LaunchScreen.storyboard; sourceTree = "<group>"; };
		3165EDD12A02A3C100D91856 /* Info.plist */ = {isa = PBXFileReference; lastKnownFileType = text.plist.xml; path = Info.plist; sourceTree = "<group>"; };
		3165EDD62A02A3C100D91856 /* CampusInTests.xctest */ = {isa = PBXFileReference; explicitFileType = wrapper.cfbundle; includeInIndex = 0; path = CampusInTests.xctest; sourceTree = BUILT_PRODUCTS_DIR; };
		3165EDDA2A02A3C100D91856 /* CampusInTests.swift */ = {isa = PBXFileReference; lastKnownFileType = sourcecode.swift; path = CampusInTests.swift; sourceTree = "<group>"; };
		3165EDE02A02A3C100D91856 /* CampusInUITests.xctest */ = {isa = PBXFileReference; explicitFileType = wrapper.cfbundle; includeInIndex = 0; path = CampusInUITests.xctest; sourceTree = BUILT_PRODUCTS_DIR; };
		3165EDE42A02A3C100D91856 /* CampusInUITests.swift */ = {isa = PBXFileReference; lastKnownFileType = sourcecode.swift; path = CampusInUITests.swift; sourceTree = "<group>"; };
		3165EDE62A02A3C100D91856 /* CampusInUITestsLaunchTests.swift */ = {isa = PBXFileReference; lastKnownFileType = sourcecode.swift; path = CampusInUITestsLaunchTests.swift; sourceTree = "<group>"; };
		3165EDF62A02A86700D91856 /* Main.storyboard */ = {isa = PBXFileReference; fileEncoding = 4; lastKnownFileType = file.storyboard; path = Main.storyboard; sourceTree = "<group>"; };
		317667BB2A07EFEB002F829C /* GeneralSearchTableViewCell.swift */ = {isa = PBXFileReference; lastKnownFileType = sourcecode.swift; path = GeneralSearchTableViewCell.swift; sourceTree = "<group>"; };
		3179137A2A23545A00BC86FE /* Response.swift */ = {isa = PBXFileReference; lastKnownFileType = sourcecode.swift; path = Response.swift; sourceTree = "<group>"; };
		3179137C2A23906E00BC86FE /* TimerReadResponse.swift */ = {isa = PBXFileReference; lastKnownFileType = sourcecode.swift; path = TimerReadResponse.swift; sourceTree = "<group>"; };
		3179137E2A23911D00BC86FE /* TimerAddResponse.swift */ = {isa = PBXFileReference; lastKnownFileType = sourcecode.swift; path = TimerAddResponse.swift; sourceTree = "<group>"; };
		317913802A23917900BC86FE /* TimerDeleteResponse.swift */ = {isa = PBXFileReference; lastKnownFileType = sourcecode.swift; path = TimerDeleteResponse.swift; sourceTree = "<group>"; };
		317913822A23927E00BC86FE /* TimerUpdateResponse.swift */ = {isa = PBXFileReference; lastKnownFileType = sourcecode.swift; path = TimerUpdateResponse.swift; sourceTree = "<group>"; };
		317913842A2393AB00BC86FE /* TimerManager.swift */ = {isa = PBXFileReference; lastKnownFileType = sourcecode.swift; path = TimerManager.swift; sourceTree = "<group>"; };
		317BEC612A2CE6430029DA29 /* StatisticsManager.swift */ = {isa = PBXFileReference; lastKnownFileType = sourcecode.swift; path = StatisticsManager.swift; sourceTree = "<group>"; };
		317BEC642A2CF4A00029DA29 /* CreateStatisticsResponse.swift */ = {isa = PBXFileReference; lastKnownFileType = sourcecode.swift; path = CreateStatisticsResponse.swift; sourceTree = "<group>"; };
		317BEC662A2CF50F0029DA29 /* StatisticsResponse.swift */ = {isa = PBXFileReference; lastKnownFileType = sourcecode.swift; path = StatisticsResponse.swift; sourceTree = "<group>"; };
		3183ABDA2A14D3DB009CA636 /* PostSearch.swift */ = {isa = PBXFileReference; lastKnownFileType = sourcecode.swift; path = PostSearch.swift; sourceTree = "<group>"; };
		3183ABE12A150A51009CA636 /* BoardManager.swift */ = {isa = PBXFileReference; lastKnownFileType = sourcecode.swift; path = BoardManager.swift; sourceTree = "<group>"; };
		3185DF302A2A3FA9001E5265 /* StudyRecordViewController.swift */ = {isa = PBXFileReference; lastKnownFileType = sourcecode.swift; path = StudyRecordViewController.swift; sourceTree = "<group>"; };
		3185DF322A2A3FB8001E5265 /* StudyRecordDetailViewController.swift */ = {isa = PBXFileReference; lastKnownFileType = sourcecode.swift; path = StudyRecordDetailViewController.swift; sourceTree = "<group>"; };
		3185DF342A2A3FC5001E5265 /* StudyRecordAddViewController.swift */ = {isa = PBXFileReference; lastKnownFileType = sourcecode.swift; path = StudyRecordAddViewController.swift; sourceTree = "<group>"; };
		3197C68A2A2CCC3000674199 /* StatisticsViewController.storyboard */ = {isa = PBXFileReference; lastKnownFileType = file.storyboard; path = StatisticsViewController.storyboard; sourceTree = "<group>"; };
		319815132A2B205400B8B010 /* StudyRecordDelegate.swift */ = {isa = PBXFileReference; lastKnownFileType = sourcecode.swift; path = StudyRecordDelegate.swift; sourceTree = "<group>"; };
		31A64E252A1A53A100EF3694 /* TimerCollectionViewCell.swift */ = {isa = PBXFileReference; lastKnownFileType = sourcecode.swift; path = TimerCollectionViewCell.swift; sourceTree = "<group>"; };
		31A77AF92A2B806000AEC557 /* StudyRecordTableViewCell.swift */ = {isa = PBXFileReference; lastKnownFileType = sourcecode.swift; path = StudyRecordTableViewCell.swift; sourceTree = "<group>"; };
		31AC40152A2F2362001D2D22 /* ReplyCommentTableViewCell.swift */ = {isa = PBXFileReference; lastKnownFileType = sourcecode.swift; path = ReplyCommentTableViewCell.swift; sourceTree = "<group>"; };
		31AC40172A2F49CB001D2D22 /* CommetCellDelegate.swift */ = {isa = PBXFileReference; lastKnownFileType = sourcecode.swift; path = CommetCellDelegate.swift; sourceTree = "<group>"; };
		31AF26BC2A1F972700B1CEC7 /* CommentManager.swift */ = {isa = PBXFileReference; lastKnownFileType = sourcecode.swift; path = CommentManager.swift; sourceTree = "<group>"; };
		31AF26BE2A1F9B4300B1CEC7 /* CommentAddResponse.swift */ = {isa = PBXFileReference; lastKnownFileType = sourcecode.swift; path = CommentAddResponse.swift; sourceTree = "<group>"; };
		31AF26C02A1F9BE000B1CEC7 /* CommentDeleteResponse.swift */ = {isa = PBXFileReference; lastKnownFileType = sourcecode.swift; path = CommentDeleteResponse.swift; sourceTree = "<group>"; };
		31B2B1672A190735005A3D4E /* TimerTableViewCell.swift */ = {isa = PBXFileReference; lastKnownFileType = sourcecode.swift; path = TimerTableViewCell.swift; sourceTree = "<group>"; };
		31B2B16A2A190C3F005A3D4E /* TimerTableViewCellDelegate.swift */ = {isa = PBXFileReference; lastKnownFileType = sourcecode.swift; path = TimerTableViewCellDelegate.swift; sourceTree = "<group>"; };
		31C718492A080EE800C7731A /* loading_check.json */ = {isa = PBXFileReference; fileEncoding = 4; lastKnownFileType = text.json; path = loading_check.json; sourceTree = "<group>"; };
		31CBDA882A2CC3E300E55924 /* StatisticsViewController.swift */ = {isa = PBXFileReference; lastKnownFileType = sourcecode.swift; path = StatisticsViewController.swift; sourceTree = "<group>"; };
		31D57E4E2A13B7830049E57A /* BoardInitResponse.swift */ = {isa = PBXFileReference; lastKnownFileType = sourcecode.swift; path = BoardInitResponse.swift; sourceTree = "<group>"; };
		31D57E502A13CE160049E57A /* PostList.swift */ = {isa = PBXFileReference; lastKnownFileType = sourcecode.swift; path = PostList.swift; sourceTree = "<group>"; };
		31D96F5F2A1A9A140086FD7D /* PostDetail.swift */ = {isa = PBXFileReference; lastKnownFileType = sourcecode.swift; path = PostDetail.swift; sourceTree = "<group>"; };
		31D96F612A1A9BC00086FD7D /* CommetData.swift */ = {isa = PBXFileReference; lastKnownFileType = sourcecode.swift; path = CommetData.swift; sourceTree = "<group>"; };
		31D96F632A1A9E610086FD7D /* BoardData.swift */ = {isa = PBXFileReference; fileEncoding = 4; lastKnownFileType = sourcecode.swift; path = BoardData.swift; sourceTree = "<group>"; };
		31EAED392A3209F800F04DEC /* StudyPostingDetailViewController.swift */ = {isa = PBXFileReference; lastKnownFileType = sourcecode.swift; path = StudyPostingDetailViewController.swift; sourceTree = "<group>"; };
		31EAED3B2A320A3100F04DEC /* PostingReplyViewController.swift */ = {isa = PBXFileReference; lastKnownFileType = sourcecode.swift; path = PostingReplyViewController.swift; sourceTree = "<group>"; };
		31EAED3D2A320ADF00F04DEC /* StudyPostingSearchViewController.swift */ = {isa = PBXFileReference; lastKnownFileType = sourcecode.swift; path = StudyPostingSearchViewController.swift; sourceTree = "<group>"; };
		31EAED3F2A320B0300F04DEC /* StudyPostingAddViewController.swift */ = {isa = PBXFileReference; lastKnownFileType = sourcecode.swift; path = StudyPostingAddViewController.swift; sourceTree = "<group>"; };
		31EAED422A320BC600F04DEC /* StudyPostingCommentTableViewCell.swift */ = {isa = PBXFileReference; lastKnownFileType = sourcecode.swift; path = StudyPostingCommentTableViewCell.swift; sourceTree = "<group>"; };
		31EAED442A320BD300F04DEC /* StudyPostingContentTableViewCell.swift */ = {isa = PBXFileReference; lastKnownFileType = sourcecode.swift; path = StudyPostingContentTableViewCell.swift; sourceTree = "<group>"; };
		31EAED462A320BE200F04DEC /* StudyPostingSearchTableViewCell.swift */ = {isa = PBXFileReference; lastKnownFileType = sourcecode.swift; path = StudyPostingSearchTableViewCell.swift; sourceTree = "<group>"; };
		31EAED482A320BF400F04DEC /* StudyPostingTableViewCell.swift */ = {isa = PBXFileReference; lastKnownFileType = sourcecode.swift; path = StudyPostingTableViewCell.swift; sourceTree = "<group>"; };
		31EAED4A2A32158700F04DEC /* ClassExtension.swift */ = {isa = PBXFileReference; lastKnownFileType = sourcecode.swift; path = ClassExtension.swift; sourceTree = "<group>"; };
		31EAED4D2A32321300F04DEC /* StudyGroupPostingContentTVCellDelegate.swift */ = {isa = PBXFileReference; lastKnownFileType = sourcecode.swift; path = StudyGroupPostingContentTVCellDelegate.swift; sourceTree = "<group>"; };
		31FCD9162A054DE20068689B /* GeneralPostingViewController.swift */ = {isa = PBXFileReference; fileEncoding = 4; lastKnownFileType = sourcecode.swift; path = GeneralPostingViewController.swift; sourceTree = "<group>"; };
		31FCD91A2A054E050068689B /* GeneralPostingCommentTableViewCell.swift */ = {isa = PBXFileReference; fileEncoding = 4; lastKnownFileType = sourcecode.swift; path = GeneralPostingCommentTableViewCell.swift; sourceTree = "<group>"; };
		31FCD91B2A054E050068689B /* GeneralPostingContentTableViewCell.swift */ = {isa = PBXFileReference; fileEncoding = 4; lastKnownFileType = sourcecode.swift; path = GeneralPostingContentTableViewCell.swift; sourceTree = "<group>"; };
		31FCD91C2A054E050068689B /* GeneralPostingTableViewCell.swift */ = {isa = PBXFileReference; fileEncoding = 4; lastKnownFileType = sourcecode.swift; path = GeneralPostingTableViewCell.swift; sourceTree = "<group>"; };
		31FCD9262A054F380068689B /* GeneralPostingDetailViewController.swift */ = {isa = PBXFileReference; fileEncoding = 4; lastKnownFileType = sourcecode.swift; path = GeneralPostingDetailViewController.swift; sourceTree = "<group>"; };
		31FCD9282A0551E00068689B /* GeneralPostingAddViewController.swift */ = {isa = PBXFileReference; fileEncoding = 4; lastKnownFileType = sourcecode.swift; path = GeneralPostingAddViewController.swift; sourceTree = "<group>"; };
		565A28D9AB05323A781AEE9C /* Pods-CampusIn.debug.xcconfig */ = {isa = PBXFileReference; includeInIndex = 1; lastKnownFileType = text.xcconfig; name = "Pods-CampusIn.debug.xcconfig"; path = "Target Support Files/Pods-CampusIn/Pods-CampusIn.debug.xcconfig"; sourceTree = "<group>"; };
		5B49257E2A9E2D0C0094A203 /* StudyGroupDetail.swift */ = {isa = PBXFileReference; lastKnownFileType = sourcecode.swift; path = StudyGroupDetail.swift; sourceTree = "<group>"; };
		5D14AB332A15158A00807A2B /* SideMenuViewController.swift */ = {isa = PBXFileReference; lastKnownFileType = sourcecode.swift; path = SideMenuViewController.swift; sourceTree = "<group>"; };
		5D25704B2A10CE8B00E03713 /* ChatViewController.swift */ = {isa = PBXFileReference; lastKnownFileType = sourcecode.swift; path = ChatViewController.swift; sourceTree = "<group>"; };
		5D25704D2A10D1F700E03713 /* MessageBoxTableViewCell.swift */ = {isa = PBXFileReference; lastKnownFileType = sourcecode.swift; path = MessageBoxTableViewCell.swift; sourceTree = "<group>"; };
		5D2570512A10EABE00E03713 /* ChatTableViewCell.swift */ = {isa = PBXFileReference; lastKnownFileType = sourcecode.swift; path = ChatTableViewCell.swift; sourceTree = "<group>"; };
		5D3F614E2A2F5951000E3B7C /* BookStoreNavigationController.storyboard */ = {isa = PBXFileReference; lastKnownFileType = file.storyboard; path = BookStoreNavigationController.storyboard; sourceTree = "<group>"; };
		5D3F61502A2F5985000E3B7C /* BookStoreNavigationController.swift */ = {isa = PBXFileReference; lastKnownFileType = sourcecode.swift; path = BookStoreNavigationController.swift; sourceTree = "<group>"; };
		5D3F61522A2F59C2000E3B7C /* BookStoreViewController.swift */ = {isa = PBXFileReference; lastKnownFileType = sourcecode.swift; path = BookStoreViewController.swift; sourceTree = "<group>"; };
		5D3F61542A2F63EE000E3B7C /* BookStoreTableViewCell.swift */ = {isa = PBXFileReference; lastKnownFileType = sourcecode.swift; path = BookStoreTableViewCell.swift; sourceTree = "<group>"; };
		5D3F61562A2F6893000E3B7C /* BookDetailViewController.swift */ = {isa = PBXFileReference; lastKnownFileType = sourcecode.swift; path = BookDetailViewController.swift; sourceTree = "<group>"; };
		5D4ADF952A054A1B00195CA9 /* LoginViewController.swift */ = {isa = PBXFileReference; fileEncoding = 4; lastKnownFileType = sourcecode.swift; path = LoginViewController.swift; sourceTree = "<group>"; };
		5D4ADF962A054A1B00195CA9 /* SocialViewController.swift */ = {isa = PBXFileReference; fileEncoding = 4; lastKnownFileType = sourcecode.swift; path = SocialViewController.swift; sourceTree = "<group>"; };
		5D4ADF9B2A0555BA00195CA9 /* NickNameViewController.storyboard */ = {isa = PBXFileReference; lastKnownFileType = file.storyboard; path = NickNameViewController.storyboard; sourceTree = "<group>"; };
		5D4ADF9D2A0555D900195CA9 /* NickNameViewController.swift */ = {isa = PBXFileReference; fileEncoding = 4; lastKnownFileType = sourcecode.swift; path = NickNameViewController.swift; sourceTree = "<group>"; };
		5D4ADF9F2A0555E600195CA9 /* KeyChain.swift */ = {isa = PBXFileReference; fileEncoding = 4; lastKnownFileType = sourcecode.swift; path = KeyChain.swift; sourceTree = "<group>"; };
		5D4B9D542A114F2C003F3E86 /* StudyManageViewController.swift */ = {isa = PBXFileReference; lastKnownFileType = sourcecode.swift; path = StudyManageViewController.swift; sourceTree = "<group>"; };
		5D507AEB2A0DDDA800EB5CA9 /* MessageBoxViewController.swift */ = {isa = PBXFileReference; lastKnownFileType = sourcecode.swift; path = MessageBoxViewController.swift; sourceTree = "<group>"; };
		5D547FED2A1F58E100376E09 /* UserData.swift */ = {isa = PBXFileReference; lastKnownFileType = sourcecode.swift; path = UserData.swift; sourceTree = "<group>"; };
		5D547FEF2A1F593F00376E09 /* UserNickname.swift */ = {isa = PBXFileReference; lastKnownFileType = sourcecode.swift; path = UserNickname.swift; sourceTree = "<group>"; };
		5D547FF22A1F5ACF00376E09 /* UserManager.swift */ = {isa = PBXFileReference; lastKnownFileType = sourcecode.swift; path = UserManager.swift; sourceTree = "<group>"; };
		5D547FF42A1F8FCE00376E09 /* ToDoViewController.swift */ = {isa = PBXFileReference; lastKnownFileType = sourcecode.swift; path = ToDoViewController.swift; sourceTree = "<group>"; };
		5D547FFC2A1F9D7000376E09 /* ToDoTableViewCell.swift */ = {isa = PBXFileReference; lastKnownFileType = sourcecode.swift; path = ToDoTableViewCell.swift; sourceTree = "<group>"; };
		5D6013662A14D5D400159F63 /* APIConstants.swift */ = {isa = PBXFileReference; lastKnownFileType = sourcecode.swift; path = APIConstants.swift; sourceTree = "<group>"; };
		5D69A3DF2A1A9C9600E9BBB4 /* MessageManager.swift */ = {isa = PBXFileReference; lastKnownFileType = sourcecode.swift; path = MessageManager.swift; sourceTree = "<group>"; };
		5D69A3E12A1A9CDB00E9BBB4 /* MessageRoomManager.swift */ = {isa = PBXFileReference; lastKnownFileType = sourcecode.swift; path = MessageRoomManager.swift; sourceTree = "<group>"; };
		5D69A3E32A1A9D1400E9BBB4 /* MessageRooms.swift */ = {isa = PBXFileReference; lastKnownFileType = sourcecode.swift; path = MessageRooms.swift; sourceTree = "<group>"; };
		5D69A3E52A1A9D3C00E9BBB4 /* Chats.swift */ = {isa = PBXFileReference; lastKnownFileType = sourcecode.swift; path = Chats.swift; sourceTree = "<group>"; };
		5D7703582A20FC5B00AF0903 /* TodoList.swift */ = {isa = PBXFileReference; lastKnownFileType = sourcecode.swift; path = TodoList.swift; sourceTree = "<group>"; };
		5D77035A2A20FCA300AF0903 /* TodoManager.swift */ = {isa = PBXFileReference; lastKnownFileType = sourcecode.swift; path = TodoManager.swift; sourceTree = "<group>"; };
		5D77035C2A21188B00AF0903 /* TodoCreationResponse.swift */ = {isa = PBXFileReference; lastKnownFileType = sourcecode.swift; path = TodoCreationResponse.swift; sourceTree = "<group>"; };
		5D87A0912A2F8A0300A0B98E /* SellBookViewController.swift */ = {isa = PBXFileReference; lastKnownFileType = sourcecode.swift; path = SellBookViewController.swift; sourceTree = "<group>"; };
		5DC33E352A0D45C200C061BC /* MessageBoxViewController.storyboard */ = {isa = PBXFileReference; lastKnownFileType = file.storyboard; path = MessageBoxViewController.storyboard; sourceTree = "<group>"; };
		5DC885172A2CE59000631BC1 /* RankingViewController.storyboard */ = {isa = PBXFileReference; lastKnownFileType = file.storyboard; path = RankingViewController.storyboard; sourceTree = "<group>"; };
		5DC8851A2A2CE5E400631BC1 /* RankingViewController.swift */ = {isa = PBXFileReference; lastKnownFileType = sourcecode.swift; path = RankingViewController.swift; sourceTree = "<group>"; };
		5DC8851D2A2CE61F00631BC1 /* RankingData.swift */ = {isa = PBXFileReference; lastKnownFileType = sourcecode.swift; path = RankingData.swift; sourceTree = "<group>"; };
		5DC8851F2A2CF3E100631BC1 /* RankingTableViewCell.swift */ = {isa = PBXFileReference; lastKnownFileType = sourcecode.swift; path = RankingTableViewCell.swift; sourceTree = "<group>"; };
		5DFF9BA52A2C8796004C2DE5 /* StudyGroupManagementViewController.swift */ = {isa = PBXFileReference; lastKnownFileType = sourcecode.swift; path = StudyGroupManagementViewController.swift; sourceTree = "<group>"; };
		5DFF9BA82A2C8A06004C2DE5 /* StudyGroupAddViewController.swift */ = {isa = PBXFileReference; lastKnownFileType = sourcecode.swift; path = StudyGroupAddViewController.swift; sourceTree = "<group>"; };
		5DFF9BAB2A2C8CF9004C2DE5 /* StudyGroupData.swift */ = {isa = PBXFileReference; lastKnownFileType = sourcecode.swift; path = StudyGroupData.swift; sourceTree = "<group>"; };
		5DFF9BAD2A2C8E8E004C2DE5 /* MyStudyGroupData.swift */ = {isa = PBXFileReference; lastKnownFileType = sourcecode.swift; path = MyStudyGroupData.swift; sourceTree = "<group>"; };
		5DFF9BAF2A2C90B5004C2DE5 /* StudyGroupManager.swift */ = {isa = PBXFileReference; lastKnownFileType = sourcecode.swift; path = StudyGroupManager.swift; sourceTree = "<group>"; };
		5DFF9BB12A2C98BF004C2DE5 /* StudyGroupTableViewCell.swift */ = {isa = PBXFileReference; lastKnownFileType = sourcecode.swift; path = StudyGroupTableViewCell.swift; sourceTree = "<group>"; };
		5DFF9BB32A2CA465004C2DE5 /* StudyGroupDetailViewController.swift */ = {isa = PBXFileReference; lastKnownFileType = sourcecode.swift; path = StudyGroupDetailViewController.swift; sourceTree = "<group>"; };
		60AC818441A9B94A12F2B12F /* Pods-CampusIn.release.xcconfig */ = {isa = PBXFileReference; includeInIndex = 1; lastKnownFileType = text.xcconfig; name = "Pods-CampusIn.release.xcconfig"; path = "Target Support Files/Pods-CampusIn/Pods-CampusIn.release.xcconfig"; sourceTree = "<group>"; };
		B35DA945251EA1CA3A88F354 /* Pods_CampusIn.framework */ = {isa = PBXFileReference; explicitFileType = wrapper.framework; includeInIndex = 0; path = Pods_CampusIn.framework; sourceTree = BUILT_PRODUCTS_DIR; };
/* End PBXFileReference section */

/* Begin PBXFrameworksBuildPhase section */
		3165EDBD2A02A3C100D91856 /* Frameworks */ = {
			isa = PBXFrameworksBuildPhase;
			buildActionMask = 2147483647;
			files = (
				D84B6C380D6E83EA5CA1188E /* Pods_CampusIn.framework in Frameworks */,
			);
			runOnlyForDeploymentPostprocessing = 0;
		};
		3165EDD32A02A3C100D91856 /* Frameworks */ = {
			isa = PBXFrameworksBuildPhase;
			buildActionMask = 2147483647;
			files = (
			);
			runOnlyForDeploymentPostprocessing = 0;
		};
		3165EDDD2A02A3C100D91856 /* Frameworks */ = {
			isa = PBXFrameworksBuildPhase;
			buildActionMask = 2147483647;
			files = (
			);
			runOnlyForDeploymentPostprocessing = 0;
		};
/* End PBXFrameworksBuildPhase section */

/* Begin PBXGroup section */
		3148ED612A2A3EE700CF1536 /* StudyRecord */ = {
			isa = PBXGroup;
			children = (
				3185DF302A2A3FA9001E5265 /* StudyRecordViewController.swift */,
				3185DF342A2A3FC5001E5265 /* StudyRecordAddViewController.swift */,
				3185DF322A2A3FB8001E5265 /* StudyRecordDetailViewController.swift */,
			);
			path = StudyRecord;
			sourceTree = "<group>";
		};
		315067342A3701990045E028 /* QuestionPosting */ = {
			isa = PBXGroup;
			children = (
				315067352A3701C90045E028 /* QuestionPostingViewController.swift */,
				315067372A3701D50045E028 /* QuestionPostingDetailViewController.swift */,
				315067392A3701DE0045E028 /* QuestionPostingAddViewController.swift */,
				3150673B2A3701E70045E028 /* QuestionPostingSearchViewController.swift */,
			);
			path = QuestionPosting;
			sourceTree = "<group>";
		};
		3150673D2A3702190045E028 /* StroryBoards */ = {
			isa = PBXGroup;
			children = (
				3165EDF62A02A86700D91856 /* Main.storyboard */,
				5D4ADF9B2A0555BA00195CA9 /* NickNameViewController.storyboard */,
				5DC33E352A0D45C200C061BC /* MessageBoxViewController.storyboard */,
				311E085A2A0D37D20048F5FB /* StudyNavigationController.storyboard */,
				5DC885172A2CE59000631BC1 /* RankingViewController.storyboard */,
				3197C68A2A2CCC3000674199 /* StatisticsViewController.storyboard */,
				5D3F614E2A2F5951000E3B7C /* BookStoreNavigationController.storyboard */,
				3165CBE92A03FE5B005E34AC /* Posting */,
			);
			path = StroryBoards;
			sourceTree = "<group>";
		};
		3150673E2A3702550045E028 /* QuestionPosting */ = {
			isa = PBXGroup;
			children = (
				3150673F2A3702F80045E028 /* QuestionPostingTableViewCell.swift */,
				315067412A3703010045E028 /* QuestionPostingCommentTableViewCell.swift */,
				315067432A37030C0045E028 /* QuestionPostingSearchTableViewCell.swift */,
				315067452A3703170045E028 /* QuestionPostingContentTableViewCell.swift */,
			);
			path = QuestionPosting;
			sourceTree = "<group>";
		};
		315067472A3703B50045E028 /* Delegates */ = {
			isa = PBXGroup;
			children = (
				319815132A2B205400B8B010 /* StudyRecordDelegate.swift */,
				31EAED4D2A32321300F04DEC /* StudyGroupPostingContentTVCellDelegate.swift */,
				31AC40172A2F49CB001D2D22 /* CommetCellDelegate.swift */,
				3165EDC32A02A3C100D91856 /* AppDelegate.swift */,
				3165EDC52A02A3C100D91856 /* SceneDelegate.swift */,
			);
			path = Delegates;
			sourceTree = "<group>";
		};
		315E599C2A3084A500E85A61 /* StudyPosting */ = {
			isa = PBXGroup;
			children = (
				315E599D2A3084BC00E85A61 /* StudyPostingViewController.swift */,
				31EAED392A3209F800F04DEC /* StudyPostingDetailViewController.swift */,
				31EAED3F2A320B0300F04DEC /* StudyPostingAddViewController.swift */,
				31EAED3D2A320ADF00F04DEC /* StudyPostingSearchViewController.swift */,
			);
			path = StudyPosting;
			sourceTree = "<group>";
		};
		3165CBE92A03FE5B005E34AC /* Posting */ = {
			isa = PBXGroup;
			children = (
				3165CBEA2A03FE69005E34AC /* GeneralPostingViewController.storyboard */,
				315E599A2A30848E00E85A61 /* StudyPostingViewController.storyboard */,
				315067322A37015C0045E028 /* QuestionPostingViewController.storyboard */,
			);
			path = Posting;
			sourceTree = "<group>";
		};
		3165EDB72A02A3C100D91856 = {
			isa = PBXGroup;
			children = (
				3165EDC22A02A3C100D91856 /* CampusIn */,
				3165EDD92A02A3C100D91856 /* CampusInTests */,
				3165EDE32A02A3C100D91856 /* CampusInUITests */,
				3165EDC12A02A3C100D91856 /* Products */,
				D57CA3ACE76BBD1D544D55D7 /* Pods */,
				3E83BECF4B9D2AFBE66B42C2 /* Frameworks */,
			);
			sourceTree = "<group>";
		};
		3165EDC12A02A3C100D91856 /* Products */ = {
			isa = PBXGroup;
			children = (
				3165EDC02A02A3C100D91856 /* CampusIn.app */,
				3165EDD62A02A3C100D91856 /* CampusInTests.xctest */,
				3165EDE02A02A3C100D91856 /* CampusInUITests.xctest */,
			);
			name = Products;
			sourceTree = "<group>";
		};
		3165EDC22A02A3C100D91856 /* CampusIn */ = {
			isa = PBXGroup;
			children = (
				31C718482A080ECD00C7731A /* Animations */,
				3165EDF52A02A82E00D91856 /* Controllers */,
				3165EDF42A02A82900D91856 /* Views */,
				3165EDF32A02A82400D91856 /* Models */,
				3165EDCC2A02A3C100D91856 /* Assets.xcassets */,
				3165EDCE2A02A3C100D91856 /* LaunchScreen.storyboard */,
				3165EDD12A02A3C100D91856 /* Info.plist */,
			);
			path = CampusIn;
			sourceTree = "<group>";
		};
		3165EDD92A02A3C100D91856 /* CampusInTests */ = {
			isa = PBXGroup;
			children = (
				3165EDDA2A02A3C100D91856 /* CampusInTests.swift */,
			);
			path = CampusInTests;
			sourceTree = "<group>";
		};
		3165EDE32A02A3C100D91856 /* CampusInUITests */ = {
			isa = PBXGroup;
			children = (
				3165EDE42A02A3C100D91856 /* CampusInUITests.swift */,
				3165EDE62A02A3C100D91856 /* CampusInUITestsLaunchTests.swift */,
			);
			path = CampusInUITests;
			sourceTree = "<group>";
		};
		3165EDF32A02A82400D91856 /* Models */ = {
			isa = PBXGroup;
			children = (
				5D4ADF9F2A0555E600195CA9 /* KeyChain.swift */,
				315067472A3703B50045E028 /* Delegates */,
				31B2B1692A190C25005A3D4E /* Study */,
				3183ABDC2A150A1D009CA636 /* Network */,
				31FCD9202A054E180068689B /* Datas */,
				31EAED4A2A32158700F04DEC /* ClassExtension.swift */,
			);
			path = Models;
			sourceTree = "<group>";
		};
		3165EDF42A02A82900D91856 /* Views */ = {
			isa = PBXGroup;
			children = (
				3150673D2A3702190045E028 /* StroryBoards */,
				31FCD9182A054DEB0068689B /* TableViewCells */,
			);
			path = Views;
			sourceTree = "<group>";
		};
		3165EDF52A02A82E00D91856 /* Controllers */ = {
			isa = PBXGroup;
			children = (
				5D3F614D2A2F5806000E3B7C /* BookStore */,
				5DC885192A2CE5CC00631BC1 /* Ranking */,
				31CBDA872A2CC3B800E55924 /* Statistics */,
				31B2B16C2A190CB8005A3D4E /* Study */,
				31FCD9142A054DCF0068689B /* Posting */,
				3165EDC72A02A3C100D91856 /* ViewController.swift */,
				5D4ADF952A054A1B00195CA9 /* LoginViewController.swift */,
				5D4ADF962A054A1B00195CA9 /* SocialViewController.swift */,
				5D4ADF9D2A0555D900195CA9 /* NickNameViewController.swift */,
				5D507AEB2A0DDDA800EB5CA9 /* MessageBoxViewController.swift */,
				5D25704B2A10CE8B00E03713 /* ChatViewController.swift */,
				5D14AB332A15158A00807A2B /* SideMenuViewController.swift */,
			);
			path = Controllers;
			sourceTree = "<group>";
		};
		317BEC632A2CF47E0029DA29 /* Statistics */ = {
			isa = PBXGroup;
			children = (
				317BEC642A2CF4A00029DA29 /* CreateStatisticsResponse.swift */,
				317BEC662A2CF50F0029DA29 /* StatisticsResponse.swift */,
			);
			path = Statistics;
			sourceTree = "<group>";
		};
		3183ABD92A14D3A6009CA636 /* Posting */ = {
			isa = PBXGroup;
			children = (
				31FCD9212A054E1E0068689B /* GeneralPosting */,
			);
			path = Posting;
			sourceTree = "<group>";
		};
		3183ABDC2A150A1D009CA636 /* Network */ = {
			isa = PBXGroup;
			children = (
				5D6013662A14D5D400159F63 /* APIConstants.swift */,
				3183ABDD2A150A27009CA636 /* Manager */,
			);
			path = Network;
			sourceTree = "<group>";
		};
		3183ABDD2A150A27009CA636 /* Manager */ = {
			isa = PBXGroup;
			children = (
				3183ABE12A150A51009CA636 /* BoardManager.swift */,
				5D69A3DF2A1A9C9600E9BBB4 /* MessageManager.swift */,
				31AF26BC2A1F972700B1CEC7 /* CommentManager.swift */,
				5D69A3E12A1A9CDB00E9BBB4 /* MessageRoomManager.swift */,
				5D547FF22A1F5ACF00376E09 /* UserManager.swift */,
				5D77035A2A20FCA300AF0903 /* TodoManager.swift */,
				317913842A2393AB00BC86FE /* TimerManager.swift */,
				5DFF9BAF2A2C90B5004C2DE5 /* StudyGroupManager.swift */,
				317BEC612A2CE6430029DA29 /* StatisticsManager.swift */,
			);
			path = Manager;
			sourceTree = "<group>";
		};
		31B2B1662A190717005A3D4E /* Study */ = {
			isa = PBXGroup;
			children = (
				31B2B1672A190735005A3D4E /* TimerTableViewCell.swift */,
				31A77AF92A2B806000AEC557 /* StudyRecordTableViewCell.swift */,
				31A64E252A1A53A100EF3694 /* TimerCollectionViewCell.swift */,
				5D547FFC2A1F9D7000376E09 /* ToDoTableViewCell.swift */,
				5DFF9BB12A2C98BF004C2DE5 /* StudyGroupTableViewCell.swift */,
			);
			path = Study;
			sourceTree = "<group>";
		};
		31B2B1692A190C25005A3D4E /* Study */ = {
			isa = PBXGroup;
			children = (
				31B2B16A2A190C3F005A3D4E /* TimerTableViewCellDelegate.swift */,
			);
			path = Study;
			sourceTree = "<group>";
		};
		31B2B16C2A190CB8005A3D4E /* Study */ = {
			isa = PBXGroup;
			children = (
				5DFF9BA72A2C89E6004C2DE5 /* StudyGroup */,
				3148ED612A2A3EE700CF1536 /* StudyRecord */,
				5D4B9D542A114F2C003F3E86 /* StudyManageViewController.swift */,
				5D547FF42A1F8FCE00376E09 /* ToDoViewController.swift */,
			);
			path = Study;
			sourceTree = "<group>";
		};
		31B2B16F2A191693005A3D4E /* Study */ = {
			isa = PBXGroup;
			children = (
				317913802A23917900BC86FE /* TimerDeleteResponse.swift */,
				3179137E2A23911D00BC86FE /* TimerAddResponse.swift */,
				317913822A23927E00BC86FE /* TimerUpdateResponse.swift */,
				3179137C2A23906E00BC86FE /* TimerReadResponse.swift */,
			);
			path = Study;
			sourceTree = "<group>";
		};
		31C718482A080ECD00C7731A /* Animations */ = {
			isa = PBXGroup;
			children = (
				31C718492A080EE800C7731A /* loading_check.json */,
			);
			path = Animations;
			sourceTree = "<group>";
		};
		31CBDA872A2CC3B800E55924 /* Statistics */ = {
			isa = PBXGroup;
			children = (
				31CBDA882A2CC3E300E55924 /* StatisticsViewController.swift */,
			);
			path = Statistics;
			sourceTree = "<group>";
		};
		31EAED412A320B9700F04DEC /* StudyPosting */ = {
			isa = PBXGroup;
			children = (
				31EAED482A320BF400F04DEC /* StudyPostingTableViewCell.swift */,
				31EAED422A320BC600F04DEC /* StudyPostingCommentTableViewCell.swift */,
				31EAED462A320BE200F04DEC /* StudyPostingSearchTableViewCell.swift */,
				31EAED442A320BD300F04DEC /* StudyPostingContentTableViewCell.swift */,
			);
			path = StudyPosting;
			sourceTree = "<group>";
		};
		31FCD9142A054DCF0068689B /* Posting */ = {
			isa = PBXGroup;
			children = (
				31EAED3B2A320A3100F04DEC /* PostingReplyViewController.swift */,
				315067342A3701990045E028 /* QuestionPosting */,
				315E599C2A3084A500E85A61 /* StudyPosting */,
				31FCD9152A054DD70068689B /* GeneralPosting */,
			);
			path = Posting;
			sourceTree = "<group>";
		};
		31FCD9152A054DD70068689B /* GeneralPosting */ = {
			isa = PBXGroup;
			children = (
				31FCD9162A054DE20068689B /* GeneralPostingViewController.swift */,
				31FCD9262A054F380068689B /* GeneralPostingDetailViewController.swift */,
				31FCD9282A0551E00068689B /* GeneralPostingAddViewController.swift */,
				313F7DB72A07DE7500182CDA /* GeneralPostingSearchViewController.swift */,
			);
			path = GeneralPosting;
			sourceTree = "<group>";
		};
		31FCD9182A054DEB0068689B /* TableViewCells */ = {
			isa = PBXGroup;
			children = (
				31AC40152A2F2362001D2D22 /* ReplyCommentTableViewCell.swift */,
				5D25704D2A10D1F700E03713 /* MessageBoxTableViewCell.swift */,
				5D2570512A10EABE00E03713 /* ChatTableViewCell.swift */,
				5DC8851F2A2CF3E100631BC1 /* RankingTableViewCell.swift */,
				5D3F61542A2F63EE000E3B7C /* BookStoreTableViewCell.swift */,
				31B2B1662A190717005A3D4E /* Study */,
				3150673E2A3702550045E028 /* QuestionPosting */,
				31EAED412A320B9700F04DEC /* StudyPosting */,
				31FCD9192A054DF90068689B /* GeneralPosting */,
			);
			path = TableViewCells;
			sourceTree = "<group>";
		};
		31FCD9192A054DF90068689B /* GeneralPosting */ = {
			isa = PBXGroup;
			children = (
				31FCD91C2A054E050068689B /* GeneralPostingTableViewCell.swift */,
				31FCD91A2A054E050068689B /* GeneralPostingCommentTableViewCell.swift */,
				31FCD91B2A054E050068689B /* GeneralPostingContentTableViewCell.swift */,
				317667BB2A07EFEB002F829C /* GeneralSearchTableViewCell.swift */,
			);
			path = GeneralPosting;
			sourceTree = "<group>";
		};
		31FCD9202A054E180068689B /* Datas */ = {
			isa = PBXGroup;
			children = (
				317BEC632A2CF47E0029DA29 /* Statistics */,
				5DC8851C2A2CE61100631BC1 /* Ranking */,
				5DFF9BAA2A2C8CCE004C2DE5 /* StudyGroup */,
				5D7703572A20FC4900AF0903 /* ToDoList */,
				5D547FF12A1F594C00376E09 /* Users */,
				5D547FEB2A1F589E00376E09 /* Chatting */,
				31B2B16F2A191693005A3D4E /* Study */,
				3183ABD92A14D3A6009CA636 /* Posting */,
				31D57E4E2A13B7830049E57A /* BoardInitResponse.swift */,
				3179137A2A23545A00BC86FE /* Response.swift */,
				31D96F632A1A9E610086FD7D /* BoardData.swift */,
			);
			path = Datas;
			sourceTree = "<group>";
		};
		31FCD9212A054E1E0068689B /* GeneralPosting */ = {
			isa = PBXGroup;
			children = (
				31D57E502A13CE160049E57A /* PostList.swift */,
				3183ABDA2A14D3DB009CA636 /* PostSearch.swift */,
				31D96F5F2A1A9A140086FD7D /* PostDetail.swift */,
				31AF26BE2A1F9B4300B1CEC7 /* CommentAddResponse.swift */,
				31AF26C02A1F9BE000B1CEC7 /* CommentDeleteResponse.swift */,
				31D96F612A1A9BC00086FD7D /* CommetData.swift */,
			);
			path = GeneralPosting;
			sourceTree = "<group>";
		};
		3E83BECF4B9D2AFBE66B42C2 /* Frameworks */ = {
			isa = PBXGroup;
			children = (
				B35DA945251EA1CA3A88F354 /* Pods_CampusIn.framework */,
			);
			name = Frameworks;
			sourceTree = "<group>";
		};
		5D3F614D2A2F5806000E3B7C /* BookStore */ = {
			isa = PBXGroup;
			children = (
				5D3F61502A2F5985000E3B7C /* BookStoreNavigationController.swift */,
				5D3F61522A2F59C2000E3B7C /* BookStoreViewController.swift */,
				5D3F61562A2F6893000E3B7C /* BookDetailViewController.swift */,
				5D87A0912A2F8A0300A0B98E /* SellBookViewController.swift */,
			);
			path = BookStore;
			sourceTree = "<group>";
		};
		5D547FEB2A1F589E00376E09 /* Chatting */ = {
			isa = PBXGroup;
			children = (
				5D69A3E32A1A9D1400E9BBB4 /* MessageRooms.swift */,
				5D69A3E52A1A9D3C00E9BBB4 /* Chats.swift */,
			);
			path = Chatting;
			sourceTree = "<group>";
		};
		5D547FF12A1F594C00376E09 /* Users */ = {
			isa = PBXGroup;
			children = (
				5D547FED2A1F58E100376E09 /* UserData.swift */,
				5D547FEF2A1F593F00376E09 /* UserNickname.swift */,
			);
			path = Users;
			sourceTree = "<group>";
		};
		5D7703572A20FC4900AF0903 /* ToDoList */ = {
			isa = PBXGroup;
			children = (
				5D7703582A20FC5B00AF0903 /* TodoList.swift */,
				5D77035C2A21188B00AF0903 /* TodoCreationResponse.swift */,
			);
			path = ToDoList;
			sourceTree = "<group>";
		};
		5DC885192A2CE5CC00631BC1 /* Ranking */ = {
			isa = PBXGroup;
			children = (
				5DC8851A2A2CE5E400631BC1 /* RankingViewController.swift */,
			);
			path = Ranking;
			sourceTree = "<group>";
		};
		5DC8851C2A2CE61100631BC1 /* Ranking */ = {
			isa = PBXGroup;
			children = (
				5DC8851D2A2CE61F00631BC1 /* RankingData.swift */,
			);
			path = Ranking;
			sourceTree = "<group>";
		};
		5DFF9BA72A2C89E6004C2DE5 /* StudyGroup */ = {
			isa = PBXGroup;
			children = (
				5DFF9BA52A2C8796004C2DE5 /* StudyGroupManagementViewController.swift */,
				5DFF9BA82A2C8A06004C2DE5 /* StudyGroupAddViewController.swift */,
				5DFF9BB32A2CA465004C2DE5 /* StudyGroupDetailViewController.swift */,
			);
			path = StudyGroup;
			sourceTree = "<group>";
		};
		5DFF9BAA2A2C8CCE004C2DE5 /* StudyGroup */ = {
			isa = PBXGroup;
			children = (
				5DFF9BAB2A2C8CF9004C2DE5 /* StudyGroupData.swift */,
				5DFF9BAD2A2C8E8E004C2DE5 /* MyStudyGroupData.swift */,
				5B49257E2A9E2D0C0094A203 /* StudyGroupDetail.swift */,
			);
			path = StudyGroup;
			sourceTree = "<group>";
		};
		D57CA3ACE76BBD1D544D55D7 /* Pods */ = {
			isa = PBXGroup;
			children = (
				565A28D9AB05323A781AEE9C /* Pods-CampusIn.debug.xcconfig */,
				60AC818441A9B94A12F2B12F /* Pods-CampusIn.release.xcconfig */,
			);
			path = Pods;
			sourceTree = "<group>";
		};
/* End PBXGroup section */

/* Begin PBXNativeTarget section */
		3165EDBF2A02A3C100D91856 /* CampusIn */ = {
			isa = PBXNativeTarget;
			buildConfigurationList = 3165EDEA2A02A3C100D91856 /* Build configuration list for PBXNativeTarget "CampusIn" */;
			buildPhases = (
				9AAAD813E6C05064278FC2ED /* [CP] Check Pods Manifest.lock */,
				3165EDBC2A02A3C100D91856 /* Sources */,
				3165EDBD2A02A3C100D91856 /* Frameworks */,
				3165EDBE2A02A3C100D91856 /* Resources */,
				A60429A4E005C0F6EB870EFD /* [CP] Embed Pods Frameworks */,
			);
			buildRules = (
			);
			dependencies = (
			);
			name = CampusIn;
			productName = CampusIn;
			productReference = 3165EDC02A02A3C100D91856 /* CampusIn.app */;
			productType = "com.apple.product-type.application";
		};
		3165EDD52A02A3C100D91856 /* CampusInTests */ = {
			isa = PBXNativeTarget;
			buildConfigurationList = 3165EDED2A02A3C100D91856 /* Build configuration list for PBXNativeTarget "CampusInTests" */;
			buildPhases = (
				3165EDD22A02A3C100D91856 /* Sources */,
				3165EDD32A02A3C100D91856 /* Frameworks */,
				3165EDD42A02A3C100D91856 /* Resources */,
			);
			buildRules = (
			);
			dependencies = (
				3165EDD82A02A3C100D91856 /* PBXTargetDependency */,
			);
			name = CampusInTests;
			productName = CampusInTests;
			productReference = 3165EDD62A02A3C100D91856 /* CampusInTests.xctest */;
			productType = "com.apple.product-type.bundle.unit-test";
		};
		3165EDDF2A02A3C100D91856 /* CampusInUITests */ = {
			isa = PBXNativeTarget;
			buildConfigurationList = 3165EDF02A02A3C100D91856 /* Build configuration list for PBXNativeTarget "CampusInUITests" */;
			buildPhases = (
				3165EDDC2A02A3C100D91856 /* Sources */,
				3165EDDD2A02A3C100D91856 /* Frameworks */,
				3165EDDE2A02A3C100D91856 /* Resources */,
			);
			buildRules = (
			);
			dependencies = (
				3165EDE22A02A3C100D91856 /* PBXTargetDependency */,
			);
			name = CampusInUITests;
			productName = CampusInUITests;
			productReference = 3165EDE02A02A3C100D91856 /* CampusInUITests.xctest */;
			productType = "com.apple.product-type.bundle.ui-testing";
		};
/* End PBXNativeTarget section */

/* Begin PBXProject section */
		3165EDB82A02A3C100D91856 /* Project object */ = {
			isa = PBXProject;
			attributes = {
				BuildIndependentTargetsInParallel = 1;
				LastSwiftUpdateCheck = 1430;
				LastUpgradeCheck = 1430;
				TargetAttributes = {
					3165EDBF2A02A3C100D91856 = {
						CreatedOnToolsVersion = 14.3;
					};
					3165EDD52A02A3C100D91856 = {
						CreatedOnToolsVersion = 14.3;
						TestTargetID = 3165EDBF2A02A3C100D91856;
					};
					3165EDDF2A02A3C100D91856 = {
						CreatedOnToolsVersion = 14.3;
						TestTargetID = 3165EDBF2A02A3C100D91856;
					};
				};
			};
			buildConfigurationList = 3165EDBB2A02A3C100D91856 /* Build configuration list for PBXProject "CampusIn" */;
			compatibilityVersion = "Xcode 14.0";
			developmentRegion = en;
			hasScannedForEncodings = 0;
			knownRegions = (
				en,
				Base,
			);
			mainGroup = 3165EDB72A02A3C100D91856;
			productRefGroup = 3165EDC12A02A3C100D91856 /* Products */;
			projectDirPath = "";
			projectRoot = "";
			targets = (
				3165EDBF2A02A3C100D91856 /* CampusIn */,
				3165EDD52A02A3C100D91856 /* CampusInTests */,
				3165EDDF2A02A3C100D91856 /* CampusInUITests */,
			);
		};
/* End PBXProject section */

/* Begin PBXResourcesBuildPhase section */
		3165EDBE2A02A3C100D91856 /* Resources */ = {
			isa = PBXResourcesBuildPhase;
			buildActionMask = 2147483647;
			files = (
				3197C68B2A2CCC3000674199 /* StatisticsViewController.storyboard in Resources */,
				3165EDF72A02A86700D91856 /* Main.storyboard in Resources */,
				31C7184A2A080EE800C7731A /* loading_check.json in Resources */,
				315067332A37015C0045E028 /* QuestionPostingViewController.storyboard in Resources */,
				5DC33E362A0D45C200C061BC /* MessageBoxViewController.storyboard in Resources */,
				5DC885182A2CE59000631BC1 /* RankingViewController.storyboard in Resources */,
				5D3F614F2A2F5951000E3B7C /* BookStoreNavigationController.storyboard in Resources */,
				3165EDD02A02A3C100D91856 /* LaunchScreen.storyboard in Resources */,
				3165EDCD2A02A3C100D91856 /* Assets.xcassets in Resources */,
				315E599B2A30848E00E85A61 /* StudyPostingViewController.storyboard in Resources */,
				5D4ADF9C2A0555BA00195CA9 /* NickNameViewController.storyboard in Resources */,
				311E085B2A0D37D20048F5FB /* StudyNavigationController.storyboard in Resources */,
				3165CBEB2A03FE69005E34AC /* GeneralPostingViewController.storyboard in Resources */,
			);
			runOnlyForDeploymentPostprocessing = 0;
		};
		3165EDD42A02A3C100D91856 /* Resources */ = {
			isa = PBXResourcesBuildPhase;
			buildActionMask = 2147483647;
			files = (
			);
			runOnlyForDeploymentPostprocessing = 0;
		};
		3165EDDE2A02A3C100D91856 /* Resources */ = {
			isa = PBXResourcesBuildPhase;
			buildActionMask = 2147483647;
			files = (
			);
			runOnlyForDeploymentPostprocessing = 0;
		};
/* End PBXResourcesBuildPhase section */

/* Begin PBXShellScriptBuildPhase section */
		9AAAD813E6C05064278FC2ED /* [CP] Check Pods Manifest.lock */ = {
			isa = PBXShellScriptBuildPhase;
			buildActionMask = 2147483647;
			files = (
			);
			inputFileListPaths = (
			);
			inputPaths = (
				"${PODS_PODFILE_DIR_PATH}/Podfile.lock",
				"${PODS_ROOT}/Manifest.lock",
			);
			name = "[CP] Check Pods Manifest.lock";
			outputFileListPaths = (
			);
			outputPaths = (
				"$(DERIVED_FILE_DIR)/Pods-CampusIn-checkManifestLockResult.txt",
			);
			runOnlyForDeploymentPostprocessing = 0;
			shellPath = /bin/sh;
			shellScript = "diff \"${PODS_PODFILE_DIR_PATH}/Podfile.lock\" \"${PODS_ROOT}/Manifest.lock\" > /dev/null\nif [ $? != 0 ] ; then\n    # print error to STDERR\n    echo \"error: The sandbox is not in sync with the Podfile.lock. Run 'pod install' or update your CocoaPods installation.\" >&2\n    exit 1\nfi\n# This output is used by Xcode 'outputs' to avoid re-running this script phase.\necho \"SUCCESS\" > \"${SCRIPT_OUTPUT_FILE_0}\"\n";
			showEnvVarsInLog = 0;
		};
		A60429A4E005C0F6EB870EFD /* [CP] Embed Pods Frameworks */ = {
			isa = PBXShellScriptBuildPhase;
			buildActionMask = 2147483647;
			files = (
			);
			inputFileListPaths = (
				"${PODS_ROOT}/Target Support Files/Pods-CampusIn/Pods-CampusIn-frameworks-${CONFIGURATION}-input-files.xcfilelist",
			);
			name = "[CP] Embed Pods Frameworks";
			outputFileListPaths = (
				"${PODS_ROOT}/Target Support Files/Pods-CampusIn/Pods-CampusIn-frameworks-${CONFIGURATION}-output-files.xcfilelist",
			);
			runOnlyForDeploymentPostprocessing = 0;
			shellPath = /bin/sh;
			shellScript = "\"${PODS_ROOT}/Target Support Files/Pods-CampusIn/Pods-CampusIn-frameworks.sh\"\n";
			showEnvVarsInLog = 0;
		};
/* End PBXShellScriptBuildPhase section */

/* Begin PBXSourcesBuildPhase section */
		3165EDBC2A02A3C100D91856 /* Sources */ = {
			isa = PBXSourcesBuildPhase;
			buildActionMask = 2147483647;
			files = (
				3183ABDB2A14D3DB009CA636 /* PostSearch.swift in Sources */,
				313F7DB82A07DE7500182CDA /* GeneralPostingSearchViewController.swift in Sources */,
				5DC8851E2A2CE61F00631BC1 /* RankingData.swift in Sources */,
				5DC8851B2A2CE5E400631BC1 /* RankingViewController.swift in Sources */,
				3165EDC82A02A3C100D91856 /* ViewController.swift in Sources */,
				31AF26BD2A1F972700B1CEC7 /* CommentManager.swift in Sources */,
				3165EDC42A02A3C100D91856 /* AppDelegate.swift in Sources */,
				315067362A3701C90045E028 /* QuestionPostingViewController.swift in Sources */,
				3185DF332A2A3FB8001E5265 /* StudyRecordDetailViewController.swift in Sources */,
				3179137F2A23911D00BC86FE /* TimerAddResponse.swift in Sources */,
				315067382A3701D50045E028 /* QuestionPostingDetailViewController.swift in Sources */,
				31CBDA892A2CC3E300E55924 /* StatisticsViewController.swift in Sources */,
				317913832A23927E00BC86FE /* TimerUpdateResponse.swift in Sources */,
				5DFF9BB22A2C98C0004C2DE5 /* StudyGroupTableViewCell.swift in Sources */,
				5DFF9BAC2A2C8CF9004C2DE5 /* StudyGroupData.swift in Sources */,
				3185DF352A2A3FC5001E5265 /* StudyRecordAddViewController.swift in Sources */,
				5D3F61512A2F5985000E3B7C /* BookStoreNavigationController.swift in Sources */,
				3179137B2A23545A00BC86FE /* Response.swift in Sources */,
				3165EDC62A02A3C100D91856 /* SceneDelegate.swift in Sources */,
				5D69A3E42A1A9D1400E9BBB4 /* MessageRooms.swift in Sources */,
				3185DF312A2A3FAA001E5265 /* StudyRecordViewController.swift in Sources */,
				319815142A2B205400B8B010 /* StudyRecordDelegate.swift in Sources */,
				315067422A3703010045E028 /* QuestionPostingCommentTableViewCell.swift in Sources */,
				5D87A0922A2F8A0300A0B98E /* SellBookViewController.swift in Sources */,
				31FCD91F2A054E050068689B /* GeneralPostingTableViewCell.swift in Sources */,
				317913852A2393AB00BC86FE /* TimerManager.swift in Sources */,
				315067462A3703170045E028 /* QuestionPostingContentTableViewCell.swift in Sources */,
				31EAED3C2A320A3100F04DEC /* PostingReplyViewController.swift in Sources */,
				5D14AB342A15158A00807A2B /* SideMenuViewController.swift in Sources */,
				31B2B16B2A190C3F005A3D4E /* TimerTableViewCellDelegate.swift in Sources */,
				5D77035B2A20FCA300AF0903 /* TodoManager.swift in Sources */,
				5D547FEE2A1F58E100376E09 /* UserData.swift in Sources */,
				317BEC622A2CE6430029DA29 /* StatisticsManager.swift in Sources */,
				31EAED472A320BE200F04DEC /* StudyPostingSearchTableViewCell.swift in Sources */,
				31FCD91D2A054E050068689B /* GeneralPostingCommentTableViewCell.swift in Sources */,
				5D4ADFA02A0555E600195CA9 /* KeyChain.swift in Sources */,
				31AF26C12A1F9BE000B1CEC7 /* CommentDeleteResponse.swift in Sources */,
				31AC40162A2F2362001D2D22 /* ReplyCommentTableViewCell.swift in Sources */,
				5D2570522A10EABE00E03713 /* ChatTableViewCell.swift in Sources */,
				3179137D2A23906E00BC86FE /* TimerReadResponse.swift in Sources */,
				5DFF9BA62A2C8796004C2DE5 /* StudyGroupManagementViewController.swift in Sources */,
				5B49257F2A9E2D0C0094A203 /* StudyGroupDetail.swift in Sources */,
				31EAED402A320B0300F04DEC /* StudyPostingAddViewController.swift in Sources */,
				315E599E2A3084BC00E85A61 /* StudyPostingViewController.swift in Sources */,
				5D507AEC2A0DDDA800EB5CA9 /* MessageBoxViewController.swift in Sources */,
				5D4ADF982A054A1B00195CA9 /* SocialViewController.swift in Sources */,
				5D3F61552A2F63EE000E3B7C /* BookStoreTableViewCell.swift in Sources */,
				5D69A3E62A1A9D3C00E9BBB4 /* Chats.swift in Sources */,
				31B2B1682A190735005A3D4E /* TimerTableViewCell.swift in Sources */,
				31D96F622A1A9BC00086FD7D /* CommetData.swift in Sources */,
				5DC885202A2CF3E100631BC1 /* RankingTableViewCell.swift in Sources */,
				31FCD91E2A054E050068689B /* GeneralPostingContentTableViewCell.swift in Sources */,
				5D25704E2A10D1F700E03713 /* MessageBoxTableViewCell.swift in Sources */,
				31EAED3A2A3209F800F04DEC /* StudyPostingDetailViewController.swift in Sources */,
				5D547FFD2A1F9D7000376E09 /* ToDoTableViewCell.swift in Sources */,
				5D4ADF972A054A1B00195CA9 /* LoginViewController.swift in Sources */,
				3183ABE22A150A51009CA636 /* BoardManager.swift in Sources */,
				31FCD9272A054F380068689B /* GeneralPostingDetailViewController.swift in Sources */,
				5D3F61532A2F59C2000E3B7C /* BookStoreViewController.swift in Sources */,
				5DFF9BB02A2C90B5004C2DE5 /* StudyGroupManager.swift in Sources */,
				31EAED492A320BF400F04DEC /* StudyPostingTableViewCell.swift in Sources */,
				5D547FF02A1F593F00376E09 /* UserNickname.swift in Sources */,
				5D7703592A20FC5B00AF0903 /* TodoList.swift in Sources */,
				5D77035D2A21188B00AF0903 /* TodoCreationResponse.swift in Sources */,
				5D69A3E22A1A9CDB00E9BBB4 /* MessageRoomManager.swift in Sources */,
				5D547FF32A1F5ACF00376E09 /* UserManager.swift in Sources */,
				5D4ADF9E2A0555D900195CA9 /* NickNameViewController.swift in Sources */,
				31A77AFA2A2B806000AEC557 /* StudyRecordTableViewCell.swift in Sources */,
				31D57E512A13CE160049E57A /* PostList.swift in Sources */,
				317BEC672A2CF50F0029DA29 /* StatisticsResponse.swift in Sources */,
				31EAED3E2A320ADF00F04DEC /* StudyPostingSearchViewController.swift in Sources */,
				31EAED4B2A32158700F04DEC /* ClassExtension.swift in Sources */,
				31A64E262A1A53A100EF3694 /* TimerCollectionViewCell.swift in Sources */,
				31D96F602A1A9A140086FD7D /* PostDetail.swift in Sources */,
				317667BC2A07EFEB002F829C /* GeneralSearchTableViewCell.swift in Sources */,
				5D4B9D552A114F2C003F3E86 /* StudyManageViewController.swift in Sources */,
				5DFF9BB42A2CA465004C2DE5 /* StudyGroupDetailViewController.swift in Sources */,
				31AF26BF2A1F9B4300B1CEC7 /* CommentAddResponse.swift in Sources */,
				317913812A23917900BC86FE /* TimerDeleteResponse.swift in Sources */,
				31FCD9172A054DE20068689B /* GeneralPostingViewController.swift in Sources */,
				31FCD9292A0551E00068689B /* GeneralPostingAddViewController.swift in Sources */,
				5D3F61572A2F6893000E3B7C /* BookDetailViewController.swift in Sources */,
				31EAED4E2A32321300F04DEC /* StudyGroupPostingContentTVCellDelegate.swift in Sources */,
				3150673A2A3701DE0045E028 /* QuestionPostingAddViewController.swift in Sources */,
				31EAED452A320BD300F04DEC /* StudyPostingContentTableViewCell.swift in Sources */,
				31D96F642A1A9E610086FD7D /* BoardData.swift in Sources */,
				3150673C2A3701E70045E028 /* QuestionPostingSearchViewController.swift in Sources */,
				315067442A37030C0045E028 /* QuestionPostingSearchTableViewCell.swift in Sources */,
				5D6013672A14D5D400159F63 /* APIConstants.swift in Sources */,
				315067402A3702F80045E028 /* QuestionPostingTableViewCell.swift in Sources */,
				5D69A3E02A1A9C9600E9BBB4 /* MessageManager.swift in Sources */,
				5D25704C2A10CE8B00E03713 /* ChatViewController.swift in Sources */,
				31D57E4F2A13B7830049E57A /* BoardInitResponse.swift in Sources */,
				31AC40182A2F49CB001D2D22 /* CommetCellDelegate.swift in Sources */,
				5DFF9BAE2A2C8E8E004C2DE5 /* MyStudyGroupData.swift in Sources */,
				31EAED432A320BC600F04DEC /* StudyPostingCommentTableViewCell.swift in Sources */,
				5DFF9BA92A2C8A06004C2DE5 /* StudyGroupAddViewController.swift in Sources */,
				5D547FF52A1F8FCE00376E09 /* ToDoViewController.swift in Sources */,
				317BEC652A2CF4A00029DA29 /* CreateStatisticsResponse.swift in Sources */,
			);
			runOnlyForDeploymentPostprocessing = 0;
		};
		3165EDD22A02A3C100D91856 /* Sources */ = {
			isa = PBXSourcesBuildPhase;
			buildActionMask = 2147483647;
			files = (
				3165EDDB2A02A3C100D91856 /* CampusInTests.swift in Sources */,
			);
			runOnlyForDeploymentPostprocessing = 0;
		};
		3165EDDC2A02A3C100D91856 /* Sources */ = {
			isa = PBXSourcesBuildPhase;
			buildActionMask = 2147483647;
			files = (
				3165EDE72A02A3C100D91856 /* CampusInUITestsLaunchTests.swift in Sources */,
				3165EDE52A02A3C100D91856 /* CampusInUITests.swift in Sources */,
			);
			runOnlyForDeploymentPostprocessing = 0;
		};
/* End PBXSourcesBuildPhase section */

/* Begin PBXTargetDependency section */
		3165EDD82A02A3C100D91856 /* PBXTargetDependency */ = {
			isa = PBXTargetDependency;
			target = 3165EDBF2A02A3C100D91856 /* CampusIn */;
			targetProxy = 3165EDD72A02A3C100D91856 /* PBXContainerItemProxy */;
		};
		3165EDE22A02A3C100D91856 /* PBXTargetDependency */ = {
			isa = PBXTargetDependency;
			target = 3165EDBF2A02A3C100D91856 /* CampusIn */;
			targetProxy = 3165EDE12A02A3C100D91856 /* PBXContainerItemProxy */;
		};
/* End PBXTargetDependency section */

/* Begin PBXVariantGroup section */
		3165EDCE2A02A3C100D91856 /* LaunchScreen.storyboard */ = {
			isa = PBXVariantGroup;
			children = (
				3165EDCF2A02A3C100D91856 /* Base */,
			);
			name = LaunchScreen.storyboard;
			sourceTree = "<group>";
		};
/* End PBXVariantGroup section */

/* Begin XCBuildConfiguration section */
		3165EDE82A02A3C100D91856 /* Debug */ = {
			isa = XCBuildConfiguration;
			buildSettings = {
				ALWAYS_SEARCH_USER_PATHS = NO;
				CLANG_ANALYZER_NONNULL = YES;
				CLANG_ANALYZER_NUMBER_OBJECT_CONVERSION = YES_AGGRESSIVE;
				CLANG_CXX_LANGUAGE_STANDARD = "gnu++20";
				CLANG_ENABLE_MODULES = YES;
				CLANG_ENABLE_OBJC_ARC = YES;
				CLANG_ENABLE_OBJC_WEAK = YES;
				CLANG_WARN_BLOCK_CAPTURE_AUTORELEASING = YES;
				CLANG_WARN_BOOL_CONVERSION = YES;
				CLANG_WARN_COMMA = YES;
				CLANG_WARN_CONSTANT_CONVERSION = YES;
				CLANG_WARN_DEPRECATED_OBJC_IMPLEMENTATIONS = YES;
				CLANG_WARN_DIRECT_OBJC_ISA_USAGE = YES_ERROR;
				CLANG_WARN_DOCUMENTATION_COMMENTS = YES;
				CLANG_WARN_EMPTY_BODY = YES;
				CLANG_WARN_ENUM_CONVERSION = YES;
				CLANG_WARN_INFINITE_RECURSION = YES;
				CLANG_WARN_INT_CONVERSION = YES;
				CLANG_WARN_NON_LITERAL_NULL_CONVERSION = YES;
				CLANG_WARN_OBJC_IMPLICIT_RETAIN_SELF = YES;
				CLANG_WARN_OBJC_LITERAL_CONVERSION = YES;
				CLANG_WARN_OBJC_ROOT_CLASS = YES_ERROR;
				CLANG_WARN_QUOTED_INCLUDE_IN_FRAMEWORK_HEADER = YES;
				CLANG_WARN_RANGE_LOOP_ANALYSIS = YES;
				CLANG_WARN_STRICT_PROTOTYPES = YES;
				CLANG_WARN_SUSPICIOUS_MOVE = YES;
				CLANG_WARN_UNGUARDED_AVAILABILITY = YES_AGGRESSIVE;
				CLANG_WARN_UNREACHABLE_CODE = YES;
				CLANG_WARN__DUPLICATE_METHOD_MATCH = YES;
				COPY_PHASE_STRIP = NO;
				DEBUG_INFORMATION_FORMAT = dwarf;
				ENABLE_STRICT_OBJC_MSGSEND = YES;
				ENABLE_TESTABILITY = YES;
				GCC_C_LANGUAGE_STANDARD = gnu11;
				GCC_DYNAMIC_NO_PIC = NO;
				GCC_NO_COMMON_BLOCKS = YES;
				GCC_OPTIMIZATION_LEVEL = 0;
				GCC_PREPROCESSOR_DEFINITIONS = (
					"DEBUG=1",
					"$(inherited)",
				);
				GCC_WARN_64_TO_32_BIT_CONVERSION = YES;
				GCC_WARN_ABOUT_RETURN_TYPE = YES_ERROR;
				GCC_WARN_UNDECLARED_SELECTOR = YES;
				GCC_WARN_UNINITIALIZED_AUTOS = YES_AGGRESSIVE;
				GCC_WARN_UNUSED_FUNCTION = YES;
				GCC_WARN_UNUSED_VARIABLE = YES;
				IPHONEOS_DEPLOYMENT_TARGET = 16.4;
				MTL_ENABLE_DEBUG_INFO = INCLUDE_SOURCE;
				MTL_FAST_MATH = YES;
				ONLY_ACTIVE_ARCH = YES;
				SDKROOT = iphoneos;
				SWIFT_ACTIVE_COMPILATION_CONDITIONS = DEBUG;
				SWIFT_OPTIMIZATION_LEVEL = "-Onone";
			};
			name = Debug;
		};
		3165EDE92A02A3C100D91856 /* Release */ = {
			isa = XCBuildConfiguration;
			buildSettings = {
				ALWAYS_SEARCH_USER_PATHS = NO;
				CLANG_ANALYZER_NONNULL = YES;
				CLANG_ANALYZER_NUMBER_OBJECT_CONVERSION = YES_AGGRESSIVE;
				CLANG_CXX_LANGUAGE_STANDARD = "gnu++20";
				CLANG_ENABLE_MODULES = YES;
				CLANG_ENABLE_OBJC_ARC = YES;
				CLANG_ENABLE_OBJC_WEAK = YES;
				CLANG_WARN_BLOCK_CAPTURE_AUTORELEASING = YES;
				CLANG_WARN_BOOL_CONVERSION = YES;
				CLANG_WARN_COMMA = YES;
				CLANG_WARN_CONSTANT_CONVERSION = YES;
				CLANG_WARN_DEPRECATED_OBJC_IMPLEMENTATIONS = YES;
				CLANG_WARN_DIRECT_OBJC_ISA_USAGE = YES_ERROR;
				CLANG_WARN_DOCUMENTATION_COMMENTS = YES;
				CLANG_WARN_EMPTY_BODY = YES;
				CLANG_WARN_ENUM_CONVERSION = YES;
				CLANG_WARN_INFINITE_RECURSION = YES;
				CLANG_WARN_INT_CONVERSION = YES;
				CLANG_WARN_NON_LITERAL_NULL_CONVERSION = YES;
				CLANG_WARN_OBJC_IMPLICIT_RETAIN_SELF = YES;
				CLANG_WARN_OBJC_LITERAL_CONVERSION = YES;
				CLANG_WARN_OBJC_ROOT_CLASS = YES_ERROR;
				CLANG_WARN_QUOTED_INCLUDE_IN_FRAMEWORK_HEADER = YES;
				CLANG_WARN_RANGE_LOOP_ANALYSIS = YES;
				CLANG_WARN_STRICT_PROTOTYPES = YES;
				CLANG_WARN_SUSPICIOUS_MOVE = YES;
				CLANG_WARN_UNGUARDED_AVAILABILITY = YES_AGGRESSIVE;
				CLANG_WARN_UNREACHABLE_CODE = YES;
				CLANG_WARN__DUPLICATE_METHOD_MATCH = YES;
				COPY_PHASE_STRIP = NO;
				DEBUG_INFORMATION_FORMAT = "dwarf-with-dsym";
				ENABLE_NS_ASSERTIONS = NO;
				ENABLE_STRICT_OBJC_MSGSEND = YES;
				GCC_C_LANGUAGE_STANDARD = gnu11;
				GCC_NO_COMMON_BLOCKS = YES;
				GCC_WARN_64_TO_32_BIT_CONVERSION = YES;
				GCC_WARN_ABOUT_RETURN_TYPE = YES_ERROR;
				GCC_WARN_UNDECLARED_SELECTOR = YES;
				GCC_WARN_UNINITIALIZED_AUTOS = YES_AGGRESSIVE;
				GCC_WARN_UNUSED_FUNCTION = YES;
				GCC_WARN_UNUSED_VARIABLE = YES;
				IPHONEOS_DEPLOYMENT_TARGET = 16.4;
				MTL_ENABLE_DEBUG_INFO = NO;
				MTL_FAST_MATH = YES;
				SDKROOT = iphoneos;
				SWIFT_COMPILATION_MODE = wholemodule;
				SWIFT_OPTIMIZATION_LEVEL = "-O";
				VALIDATE_PRODUCT = YES;
			};
			name = Release;
		};
		3165EDEB2A02A3C100D91856 /* Debug */ = {
			isa = XCBuildConfiguration;
			baseConfigurationReference = 565A28D9AB05323A781AEE9C /* Pods-CampusIn.debug.xcconfig */;
			buildSettings = {
				ASSETCATALOG_COMPILER_APPICON_NAME = AppIcon;
				ASSETCATALOG_COMPILER_GLOBAL_ACCENT_COLOR_NAME = AccentColor;
				CODE_SIGN_STYLE = Automatic;
				CURRENT_PROJECT_VERSION = 1;
				GENERATE_INFOPLIST_FILE = YES;
				INFOPLIST_FILE = CampusIn/Info.plist;
				INFOPLIST_KEY_UIApplicationSupportsIndirectInputEvents = YES;
				INFOPLIST_KEY_UILaunchStoryboardName = LaunchScreen;
				INFOPLIST_KEY_UIMainStoryboardFile = Main;
				INFOPLIST_KEY_UIStatusBarStyle = UIStatusBarStyleLightContent;
				INFOPLIST_KEY_UISupportedInterfaceOrientations_iPad = "UIInterfaceOrientationPortrait UIInterfaceOrientationPortraitUpsideDown UIInterfaceOrientationLandscapeLeft UIInterfaceOrientationLandscapeRight";
				INFOPLIST_KEY_UISupportedInterfaceOrientations_iPhone = "UIInterfaceOrientationPortrait UIInterfaceOrientationLandscapeLeft UIInterfaceOrientationLandscapeRight";
				IPHONEOS_DEPLOYMENT_TARGET = 15.0;
				LD_RUNPATH_SEARCH_PATHS = (
					"$(inherited)",
					"@executable_path/Frameworks",
				);
				MARKETING_VERSION = 1.0;
				PRODUCT_BUNDLE_IDENTIFIER = taipaise.CampusIn;
				PRODUCT_NAME = "$(TARGET_NAME)";
				SWIFT_EMIT_LOC_STRINGS = YES;
				SWIFT_VERSION = 5.0;
				TARGETED_DEVICE_FAMILY = "1,2";
			};
			name = Debug;
		};
		3165EDEC2A02A3C100D91856 /* Release */ = {
			isa = XCBuildConfiguration;
			baseConfigurationReference = 60AC818441A9B94A12F2B12F /* Pods-CampusIn.release.xcconfig */;
			buildSettings = {
				ASSETCATALOG_COMPILER_APPICON_NAME = AppIcon;
				ASSETCATALOG_COMPILER_GLOBAL_ACCENT_COLOR_NAME = AccentColor;
				CODE_SIGN_STYLE = Automatic;
				CURRENT_PROJECT_VERSION = 1;
				GENERATE_INFOPLIST_FILE = YES;
				INFOPLIST_FILE = CampusIn/Info.plist;
				INFOPLIST_KEY_UIApplicationSupportsIndirectInputEvents = YES;
				INFOPLIST_KEY_UILaunchStoryboardName = LaunchScreen;
				INFOPLIST_KEY_UIMainStoryboardFile = Main;
				INFOPLIST_KEY_UIStatusBarStyle = UIStatusBarStyleLightContent;
				INFOPLIST_KEY_UISupportedInterfaceOrientations_iPad = "UIInterfaceOrientationPortrait UIInterfaceOrientationPortraitUpsideDown UIInterfaceOrientationLandscapeLeft UIInterfaceOrientationLandscapeRight";
				INFOPLIST_KEY_UISupportedInterfaceOrientations_iPhone = "UIInterfaceOrientationPortrait UIInterfaceOrientationLandscapeLeft UIInterfaceOrientationLandscapeRight";
				IPHONEOS_DEPLOYMENT_TARGET = 15.0;
				LD_RUNPATH_SEARCH_PATHS = (
					"$(inherited)",
					"@executable_path/Frameworks",
				);
				MARKETING_VERSION = 1.0;
				PRODUCT_BUNDLE_IDENTIFIER = taipaise.CampusIn;
				PRODUCT_NAME = "$(TARGET_NAME)";
				SWIFT_EMIT_LOC_STRINGS = YES;
				SWIFT_VERSION = 5.0;
				TARGETED_DEVICE_FAMILY = "1,2";
			};
			name = Release;
		};
		3165EDEE2A02A3C100D91856 /* Debug */ = {
			isa = XCBuildConfiguration;
			buildSettings = {
				ALWAYS_EMBED_SWIFT_STANDARD_LIBRARIES = YES;
				BUNDLE_LOADER = "$(TEST_HOST)";
				CODE_SIGN_STYLE = Automatic;
				CURRENT_PROJECT_VERSION = 1;
				GENERATE_INFOPLIST_FILE = YES;
				IPHONEOS_DEPLOYMENT_TARGET = 16.4;
				MARKETING_VERSION = 1.0;
				PRODUCT_BUNDLE_IDENTIFIER = taipaise.CampusInTests;
				PRODUCT_NAME = "$(TARGET_NAME)";
				SWIFT_EMIT_LOC_STRINGS = NO;
				SWIFT_VERSION = 5.0;
				TARGETED_DEVICE_FAMILY = "1,2";
				TEST_HOST = "$(BUILT_PRODUCTS_DIR)/CampusIn.app/$(BUNDLE_EXECUTABLE_FOLDER_PATH)/CampusIn";
			};
			name = Debug;
		};
		3165EDEF2A02A3C100D91856 /* Release */ = {
			isa = XCBuildConfiguration;
			buildSettings = {
				ALWAYS_EMBED_SWIFT_STANDARD_LIBRARIES = YES;
				BUNDLE_LOADER = "$(TEST_HOST)";
				CODE_SIGN_STYLE = Automatic;
				CURRENT_PROJECT_VERSION = 1;
				GENERATE_INFOPLIST_FILE = YES;
				IPHONEOS_DEPLOYMENT_TARGET = 16.4;
				MARKETING_VERSION = 1.0;
				PRODUCT_BUNDLE_IDENTIFIER = taipaise.CampusInTests;
				PRODUCT_NAME = "$(TARGET_NAME)";
				SWIFT_EMIT_LOC_STRINGS = NO;
				SWIFT_VERSION = 5.0;
				TARGETED_DEVICE_FAMILY = "1,2";
				TEST_HOST = "$(BUILT_PRODUCTS_DIR)/CampusIn.app/$(BUNDLE_EXECUTABLE_FOLDER_PATH)/CampusIn";
			};
			name = Release;
		};
		3165EDF12A02A3C100D91856 /* Debug */ = {
			isa = XCBuildConfiguration;
			buildSettings = {
				ALWAYS_EMBED_SWIFT_STANDARD_LIBRARIES = YES;
				CODE_SIGN_STYLE = Automatic;
				CURRENT_PROJECT_VERSION = 1;
				GENERATE_INFOPLIST_FILE = YES;
				MARKETING_VERSION = 1.0;
				PRODUCT_BUNDLE_IDENTIFIER = taipaise.CampusInUITests;
				PRODUCT_NAME = "$(TARGET_NAME)";
				SWIFT_EMIT_LOC_STRINGS = NO;
				SWIFT_VERSION = 5.0;
				TARGETED_DEVICE_FAMILY = "1,2";
				TEST_TARGET_NAME = CampusIn;
			};
			name = Debug;
		};
		3165EDF22A02A3C100D91856 /* Release */ = {
			isa = XCBuildConfiguration;
			buildSettings = {
				ALWAYS_EMBED_SWIFT_STANDARD_LIBRARIES = YES;
				CODE_SIGN_STYLE = Automatic;
				CURRENT_PROJECT_VERSION = 1;
				GENERATE_INFOPLIST_FILE = YES;
				MARKETING_VERSION = 1.0;
				PRODUCT_BUNDLE_IDENTIFIER = taipaise.CampusInUITests;
				PRODUCT_NAME = "$(TARGET_NAME)";
				SWIFT_EMIT_LOC_STRINGS = NO;
				SWIFT_VERSION = 5.0;
				TARGETED_DEVICE_FAMILY = "1,2";
				TEST_TARGET_NAME = CampusIn;
			};
			name = Release;
		};
/* End XCBuildConfiguration section */

/* Begin XCConfigurationList section */
		3165EDBB2A02A3C100D91856 /* Build configuration list for PBXProject "CampusIn" */ = {
			isa = XCConfigurationList;
			buildConfigurations = (
				3165EDE82A02A3C100D91856 /* Debug */,
				3165EDE92A02A3C100D91856 /* Release */,
			);
			defaultConfigurationIsVisible = 0;
			defaultConfigurationName = Release;
		};
		3165EDEA2A02A3C100D91856 /* Build configuration list for PBXNativeTarget "CampusIn" */ = {
			isa = XCConfigurationList;
			buildConfigurations = (
				3165EDEB2A02A3C100D91856 /* Debug */,
				3165EDEC2A02A3C100D91856 /* Release */,
			);
			defaultConfigurationIsVisible = 0;
			defaultConfigurationName = Release;
		};
		3165EDED2A02A3C100D91856 /* Build configuration list for PBXNativeTarget "CampusInTests" */ = {
			isa = XCConfigurationList;
			buildConfigurations = (
				3165EDEE2A02A3C100D91856 /* Debug */,
				3165EDEF2A02A3C100D91856 /* Release */,
			);
			defaultConfigurationIsVisible = 0;
			defaultConfigurationName = Release;
		};
		3165EDF02A02A3C100D91856 /* Build configuration list for PBXNativeTarget "CampusInUITests" */ = {
			isa = XCConfigurationList;
			buildConfigurations = (
				3165EDF12A02A3C100D91856 /* Debug */,
				3165EDF22A02A3C100D91856 /* Release */,
			);
			defaultConfigurationIsVisible = 0;
			defaultConfigurationName = Release;
		};
/* End XCConfigurationList section */
	};
	rootObject = 3165EDB82A02A3C100D91856 /* Project object */;
}
